// !$*UTF8*$!
{
	archiveVersion = 1;
	classes = {
	};
	objectVersion = 55;
	objects = {

/* Begin PBXBuildFile section */
		16C8DFC1303E48D90DF8903C /* Pods_PetDays.framework in Frameworks */ = {isa = PBXBuildFile; fileRef = 7C3D6D98A7DAB4528B9AB1A5 /* Pods_PetDays.framework */; };
		191DE049F5E35B63B40E1D09 /* Pods_PetDaysTests.framework in Frameworks */ = {isa = PBXBuildFile; fileRef = 232B3C45DD0DB25D699902D9 /* Pods_PetDaysTests.framework */; };
		460E550028483EC800B09607 /* AppDelegate.swift in Sources */ = {isa = PBXBuildFile; fileRef = 460E54FF28483EC800B09607 /* AppDelegate.swift */; };
		460E550228483EC800B09607 /* SceneDelegate.swift in Sources */ = {isa = PBXBuildFile; fileRef = 460E550128483EC800B09607 /* SceneDelegate.swift */; };
		460E550428483EC800B09607 /* ViewController.swift in Sources */ = {isa = PBXBuildFile; fileRef = 460E550328483EC800B09607 /* ViewController.swift */; };
		460E550728483EC800B09607 /* Main.storyboard in Resources */ = {isa = PBXBuildFile; fileRef = 460E550528483EC800B09607 /* Main.storyboard */; };
		460E550A28483EC800B09607 /* PetDays.xcdatamodeld in Sources */ = {isa = PBXBuildFile; fileRef = 460E550828483EC800B09607 /* PetDays.xcdatamodeld */; };
		460E550C28483ECE00B09607 /* Assets.xcassets in Resources */ = {isa = PBXBuildFile; fileRef = 460E550B28483ECE00B09607 /* Assets.xcassets */; };
		460E550F28483ECE00B09607 /* LaunchScreen.storyboard in Resources */ = {isa = PBXBuildFile; fileRef = 460E550D28483ECE00B09607 /* LaunchScreen.storyboard */; };
		460E552428483ECE00B09607 /* PetDaysUITests.swift in Sources */ = {isa = PBXBuildFile; fileRef = 460E552328483ECE00B09607 /* PetDaysUITests.swift */; };
		460E552628483ECE00B09607 /* PetDaysUITestsLaunchTests.swift in Sources */ = {isa = PBXBuildFile; fileRef = 460E552528483ECE00B09607 /* PetDaysUITestsLaunchTests.swift */; };
		460E55352848560600B09607 /* APIManager.swift in Sources */ = {isa = PBXBuildFile; fileRef = 460E55342848560600B09607 /* APIManager.swift */; };
		460E5537284859A400B09607 /* APIRequest.swift in Sources */ = {isa = PBXBuildFile; fileRef = 460E5536284859A400B09607 /* APIRequest.swift */; };
		4613E47C284DB44400311889 /* String + Utilities.swift in Sources */ = {isa = PBXBuildFile; fileRef = 4613E47B284DB44400311889 /* String + Utilities.swift */; };
		4613E47E284DB4A900311889 /* NSError + Utilities.swift in Sources */ = {isa = PBXBuildFile; fileRef = 4613E47D284DB4A900311889 /* NSError + Utilities.swift */; };
		4613E481284DB5EE00311889 /* APIObject.swift in Sources */ = {isa = PBXBuildFile; fileRef = 4613E480284DB5EE00311889 /* APIObject.swift */; };
		4613E483284DB60900311889 /* User.swift in Sources */ = {isa = PBXBuildFile; fileRef = 4613E482284DB60900311889 /* User.swift */; };
		4613E486284DB8C200311889 /* APIResponses.swift in Sources */ = {isa = PBXBuildFile; fileRef = 4613E485284DB8C200311889 /* APIResponses.swift */; };
		4613E489284DBBDD00311889 /* LoginAPI.swift in Sources */ = {isa = PBXBuildFile; fileRef = 4613E488284DBBDD00311889 /* LoginAPI.swift */; };
		4613E48B284DBE2B00311889 /* Profile.swift in Sources */ = {isa = PBXBuildFile; fileRef = 4613E48A284DBE2B00311889 /* Profile.swift */; };
		4613E48F284DC13A00311889 /* LoginResponse.swift in Sources */ = {isa = PBXBuildFile; fileRef = 4613E48E284DC13A00311889 /* LoginResponse.swift */; };
		4613E493284ED93600311889 /* UserService.swift in Sources */ = {isa = PBXBuildFile; fileRef = 4613E492284ED93600311889 /* UserService.swift */; };
		4613E49C284EDF5900311889 /* MainNavigationController.swift in Sources */ = {isa = PBXBuildFile; fileRef = 4613E49B284EDF5900311889 /* MainNavigationController.swift */; };
		4613E4A2284EE64900311889 /* Landing.storyboard in Resources */ = {isa = PBXBuildFile; fileRef = 4613E4A1284EE64900311889 /* Landing.storyboard */; };
		4613E4A4284EE69500311889 /* StoryboardConstants.swift in Sources */ = {isa = PBXBuildFile; fileRef = 4613E4A3284EE69500311889 /* StoryboardConstants.swift */; };
		4613E4A6284EE6D300311889 /* LandingViewController.swift in Sources */ = {isa = PBXBuildFile; fileRef = 4613E4A5284EE6D300311889 /* LandingViewController.swift */; };
		4613E4A8284EEAB800311889 /* LandingScreen.swift in Sources */ = {isa = PBXBuildFile; fileRef = 4613E4A7284EEAB800311889 /* LandingScreen.swift */; };
		4613E4AA284EEAC500311889 /* LandingInteractor.swift in Sources */ = {isa = PBXBuildFile; fileRef = 4613E4A9284EEAC500311889 /* LandingInteractor.swift */; };
		4613E4AD284EFD4900311889 /* ScreenComponent.swift in Sources */ = {isa = PBXBuildFile; fileRef = 4613E4AC284EFD4900311889 /* ScreenComponent.swift */; };
		4613E4B0284F07B400311889 /* Login.storyboard in Resources */ = {isa = PBXBuildFile; fileRef = 4613E4AF284F07B400311889 /* Login.storyboard */; };
		4613E4B2284F081B00311889 /* LoginViewController.swift in Sources */ = {isa = PBXBuildFile; fileRef = 4613E4B1284F081B00311889 /* LoginViewController.swift */; };
		4613E4B4284F0A0900311889 /* LoginScreen.swift in Sources */ = {isa = PBXBuildFile; fileRef = 4613E4B3284F0A0900311889 /* LoginScreen.swift */; };
		4613E4B6284F0A1900311889 /* LoginInteractor.swift in Sources */ = {isa = PBXBuildFile; fileRef = 4613E4B5284F0A1900311889 /* LoginInteractor.swift */; };
		4613E4B9284F134900311889 /* PrimaryButton.swift in Sources */ = {isa = PBXBuildFile; fileRef = 4613E4B8284F134900311889 /* PrimaryButton.swift */; };
		4613E4BC284F139400311889 /* Theme.swift in Sources */ = {isa = PBXBuildFile; fileRef = 4613E4BB284F139400311889 /* Theme.swift */; };
		4613E4BE284F147F00311889 /* UIColor + Utilities.swift in Sources */ = {isa = PBXBuildFile; fileRef = 4613E4BD284F147F00311889 /* UIColor + Utilities.swift */; };
		4613E4C0284F1B9B00311889 /* SecondaryButton.swift in Sources */ = {isa = PBXBuildFile; fileRef = 4613E4BF284F1B9B00311889 /* SecondaryButton.swift */; };
		4613E4C8284F1E0800311889 /* CGRect + Utilities.swift in Sources */ = {isa = PBXBuildFile; fileRef = 4613E4C7284F1E0800311889 /* CGRect + Utilities.swift */; };
		4613E4CC284F1E9200311889 /* Separator.swift in Sources */ = {isa = PBXBuildFile; fileRef = 4613E4CB284F1E9200311889 /* Separator.swift */; };
		4613E4CE284F1F1A00311889 /* InputLabel.swift in Sources */ = {isa = PBXBuildFile; fileRef = 4613E4CD284F1F1A00311889 /* InputLabel.swift */; };
		4613E4D0284F209A00311889 /* LoginView.xib in Resources */ = {isa = PBXBuildFile; fileRef = 4613E4CF284F209A00311889 /* LoginView.xib */; };
		4613E4D2284F260E00311889 /* LoginView.swift in Sources */ = {isa = PBXBuildFile; fileRef = 4613E4D1284F260E00311889 /* LoginView.swift */; };
		4613E4D5284F262000311889 /* SignUpView.swift in Sources */ = {isa = PBXBuildFile; fileRef = 4613E4D4284F262000311889 /* SignUpView.swift */; };
		4613E4D7284F262900311889 /* SignUpView.xib in Resources */ = {isa = PBXBuildFile; fileRef = 4613E4D6284F262900311889 /* SignUpView.xib */; };
		4613E4D9284F26AB00311889 /* UIView + Utilities.swift in Sources */ = {isa = PBXBuildFile; fileRef = 4613E4D8284F26AB00311889 /* UIView + Utilities.swift */; };
		4613E4E2284F31AA00311889 /* TitledTextView.swift in Sources */ = {isa = PBXBuildFile; fileRef = 4613E4DE284F31AA00311889 /* TitledTextView.swift */; };
		4613E4E3284F31AA00311889 /* TitledTextField.swift in Sources */ = {isa = PBXBuildFile; fileRef = 4613E4DF284F31AA00311889 /* TitledTextField.swift */; };
		4613E4E5284F324300311889 /* NSLayoutConstraint + Utilities.swift in Sources */ = {isa = PBXBuildFile; fileRef = 4613E4E4284F324300311889 /* NSLayoutConstraint + Utilities.swift */; };
		4613E4E7284F32AA00311889 /* UILabel + Utilities.swift in Sources */ = {isa = PBXBuildFile; fileRef = 4613E4E6284F32AA00311889 /* UILabel + Utilities.swift */; };
		4613E4EB2850632F00311889 /* UIAlert + Utilities.swift in Sources */ = {isa = PBXBuildFile; fileRef = 4613E4EA2850632F00311889 /* UIAlert + Utilities.swift */; };
		4613E4ED2850780B00311889 /* APIConstants.swift in Sources */ = {isa = PBXBuildFile; fileRef = 4613E4EC2850780B00311889 /* APIConstants.swift */; };
		4613E4EF285183FE00311889 /* InternalUserNavigationController.swift in Sources */ = {isa = PBXBuildFile; fileRef = 4613E4EE285183FE00311889 /* InternalUserNavigationController.swift */; };
		4613E4F32851850100311889 /* HomeScreen.swift in Sources */ = {isa = PBXBuildFile; fileRef = 4613E4F22851850100311889 /* HomeScreen.swift */; };
		4613E4F52851855D00311889 /* HomeInteractor.swift in Sources */ = {isa = PBXBuildFile; fileRef = 4613E4F42851855D00311889 /* HomeInteractor.swift */; };
		4613E4F72851858A00311889 /* HomeViewController.swift in Sources */ = {isa = PBXBuildFile; fileRef = 4613E4F62851858A00311889 /* HomeViewController.swift */; };
		4613E4F9285186A600311889 /* Internal.storyboard in Resources */ = {isa = PBXBuildFile; fileRef = 4613E4F8285186A600311889 /* Internal.storyboard */; };
		461441A7288A5372008ED25C /* PetAPIService.swift in Sources */ = {isa = PBXBuildFile; fileRef = 461441A6288A5372008ED25C /* PetAPIService.swift */; };
		4636893C288BA18F00BB67D3 /* UserAPIService.swift in Sources */ = {isa = PBXBuildFile; fileRef = 4636893B288BA18F00BB67D3 /* UserAPIService.swift */; };
		4636893E288BA3A400BB67D3 /* DaycareAPIService.swift in Sources */ = {isa = PBXBuildFile; fileRef = 4636893D288BA3A400BB67D3 /* DaycareAPIService.swift */; };
		46368940288BA72D00BB67D3 /* PostAPIService.swift in Sources */ = {isa = PBXBuildFile; fileRef = 4636893F288BA72D00BB67D3 /* PostAPIService.swift */; };
		46368942288BA95600BB67D3 /* JoinDaycareModelView.swift in Sources */ = {isa = PBXBuildFile; fileRef = 46368941288BA95600BB67D3 /* JoinDaycareModelView.swift */; };
		46368945288BB28200BB67D3 /* DaycareSelectableTableViewCell.swift in Sources */ = {isa = PBXBuildFile; fileRef = 46368944288BB28200BB67D3 /* DaycareSelectableTableViewCell.swift */; };
		46CFBC05285F419000DAB3D6 /* KeychainManager.swift in Sources */ = {isa = PBXBuildFile; fileRef = 46CFBC04285F419000DAB3D6 /* KeychainManager.swift */; };
		46CFBC072860508A00DAB3D6 /* LandingTests.swift in Sources */ = {isa = PBXBuildFile; fileRef = 46CFBC062860508A00DAB3D6 /* LandingTests.swift */; };
		46CFBC0B286065BC00DAB3D6 /* UserTests.swift in Sources */ = {isa = PBXBuildFile; fileRef = 46CFBC0A286065BC00DAB3D6 /* UserTests.swift */; };
		46CFBC0F28609C7400DAB3D6 /* WelcomeView.swift in Sources */ = {isa = PBXBuildFile; fileRef = 46CFBC0E28609C7400DAB3D6 /* WelcomeView.swift */; };
		46CFBC1128609D3000DAB3D6 /* WelcomeView.xib in Resources */ = {isa = PBXBuildFile; fileRef = 46CFBC1028609D3000DAB3D6 /* WelcomeView.xib */; };
		46CFBC132861F24200DAB3D6 /* DaycareAPI.swift in Sources */ = {isa = PBXBuildFile; fileRef = 46CFBC122861F24200DAB3D6 /* DaycareAPI.swift */; };
		46CFBC152861F2EF00DAB3D6 /* DaycareService.swift in Sources */ = {isa = PBXBuildFile; fileRef = 46CFBC142861F2EF00DAB3D6 /* DaycareService.swift */; };
		46DBE26D2851C0E00015D8F1 /* Pet.swift in Sources */ = {isa = PBXBuildFile; fileRef = 46DBE26C2851C0E00015D8F1 /* Pet.swift */; };
		46DBE2702851C19D0015D8F1 /* Daycare.swift in Sources */ = {isa = PBXBuildFile; fileRef = 46DBE26F2851C19D0015D8F1 /* Daycare.swift */; };
		46DBE2732851C6010015D8F1 /* InternalNavBar.swift in Sources */ = {isa = PBXBuildFile; fileRef = 46DBE2722851C6010015D8F1 /* InternalNavBar.swift */; };
		46DBE2762859AD7A0015D8F1 /* SessionManager.swift in Sources */ = {isa = PBXBuildFile; fileRef = 46DBE2752859AD790015D8F1 /* SessionManager.swift */; };
		46DBE2782859B81B0015D8F1 /* Localization.swift in Sources */ = {isa = PBXBuildFile; fileRef = 46DBE2772859B81B0015D8F1 /* Localization.swift */; };
		46FB8DAE2861557700A36A5C /* AddPetView.xib in Resources */ = {isa = PBXBuildFile; fileRef = 46FB8DAD2861557700A36A5C /* AddPetView.xib */; };
		46FB8DB02861558200A36A5C /* AddPetView.swift in Sources */ = {isa = PBXBuildFile; fileRef = 46FB8DAF2861558200A36A5C /* AddPetView.swift */; };
		46FB8DB22861728800A36A5C /* FocusLabels.swift in Sources */ = {isa = PBXBuildFile; fileRef = 46FB8DB12861728700A36A5C /* FocusLabels.swift */; };
		46FB8DB5286173BD00A36A5C /* JoinDaycareView.swift in Sources */ = {isa = PBXBuildFile; fileRef = 46FB8DB4286173BD00A36A5C /* JoinDaycareView.swift */; };
		46FB8DB7286173C800A36A5C /* JoinDaycareView.xib in Resources */ = {isa = PBXBuildFile; fileRef = 46FB8DB6286173C800A36A5C /* JoinDaycareView.xib */; };
		46FB8DB92861760400A36A5C /* OnboardingScreen.swift in Sources */ = {isa = PBXBuildFile; fileRef = 46FB8DB82861760400A36A5C /* OnboardingScreen.swift */; };
		46FB8DBB2861761E00A36A5C /* OnboardingInteractor.swift in Sources */ = {isa = PBXBuildFile; fileRef = 46FB8DBA2861761E00A36A5C /* OnboardingInteractor.swift */; };
		46FB8DBD2861762B00A36A5C /* OnboardingViewController.swift in Sources */ = {isa = PBXBuildFile; fileRef = 46FB8DBC2861762B00A36A5C /* OnboardingViewController.swift */; };
		46FB8DBF28618AA400A36A5C /* OnboardingComponentProtocol.swift in Sources */ = {isa = PBXBuildFile; fileRef = 46FB8DBE28618AA400A36A5C /* OnboardingComponentProtocol.swift */; };
		46FB8DC128618D1800A36A5C /* PetService.swift in Sources */ = {isa = PBXBuildFile; fileRef = 46FB8DC028618D1800A36A5C /* PetService.swift */; };
		46FB8DC328618D3200A36A5C /* PetAPI.swift in Sources */ = {isa = PBXBuildFile; fileRef = 46FB8DC228618D3200A36A5C /* PetAPI.swift */; };
		46FB8DC62862C08700A36A5C /* Post.swift in Sources */ = {isa = PBXBuildFile; fileRef = 46FB8DC52862C08700A36A5C /* Post.swift */; };
		46FB8DC82862C25400A36A5C /* Date + Utilities.swift in Sources */ = {isa = PBXBuildFile; fileRef = 46FB8DC72862C25400A36A5C /* Date + Utilities.swift */; };
		46FB8DCB2862CE9A00A36A5C /* Employee.swift in Sources */ = {isa = PBXBuildFile; fileRef = 46FB8DCA2862CE9A00A36A5C /* Employee.swift */; };
		46FB8DCD2862CFDB00A36A5C /* PostService.swift in Sources */ = {isa = PBXBuildFile; fileRef = 46FB8DCC2862CFDB00A36A5C /* PostService.swift */; };
		46FB8DCF2862CFE800A36A5C /* PostAPI.swift in Sources */ = {isa = PBXBuildFile; fileRef = 46FB8DCE2862CFE800A36A5C /* PostAPI.swift */; };
		46FB8DD32862D7DB00A36A5C /* PostTableViewCell.swift in Sources */ = {isa = PBXBuildFile; fileRef = 46FB8DD22862D7DB00A36A5C /* PostTableViewCell.swift */; };
		46FB8DD52862D7EB00A36A5C /* PostTableViewCell.xib in Resources */ = {isa = PBXBuildFile; fileRef = 46FB8DD42862D7EB00A36A5C /* PostTableViewCell.xib */; };
		46FB8DD72862D98400A36A5C /* DetailLabel.swift in Sources */ = {isa = PBXBuildFile; fileRef = 46FB8DD62862D98400A36A5C /* DetailLabel.swift */; };
		46FB8DD92862DB7A00A36A5C /* SemiTitleLabel.swift in Sources */ = {isa = PBXBuildFile; fileRef = 46FB8DD82862DB7A00A36A5C /* SemiTitleLabel.swift */; };
		46FB8DDB2862DC0800A36A5C /* PostTableViewCellModelView.swift in Sources */ = {isa = PBXBuildFile; fileRef = 46FB8DDA2862DC0800A36A5C /* PostTableViewCellModelView.swift */; };
		46FB8DDF2862DF7500A36A5C /* PostPhoto.swift in Sources */ = {isa = PBXBuildFile; fileRef = 46FB8DDE2862DF7500A36A5C /* PostPhoto.swift */; };
		46FB8DE12862E41C00A36A5C /* PostsPageViewController.swift in Sources */ = {isa = PBXBuildFile; fileRef = 46FB8DE02862E41C00A36A5C /* PostsPageViewController.swift */; };
		8CC923488F297AAA2253DD9E /* Pods_PetDays_PetDaysUITests.framework in Frameworks */ = {isa = PBXBuildFile; fileRef = C6D6C3E4E8C5A93E9B263F9D /* Pods_PetDays_PetDaysUITests.framework */; };
/* End PBXBuildFile section */

/* Begin PBXContainerItemProxy section */
		460E551628483ECE00B09607 /* PBXContainerItemProxy */ = {
			isa = PBXContainerItemProxy;
			containerPortal = 460E54F428483EC800B09607 /* Project object */;
			proxyType = 1;
			remoteGlobalIDString = 460E54FB28483EC800B09607;
			remoteInfo = PetDays;
		};
		460E552028483ECE00B09607 /* PBXContainerItemProxy */ = {
			isa = PBXContainerItemProxy;
			containerPortal = 460E54F428483EC800B09607 /* Project object */;
			proxyType = 1;
			remoteGlobalIDString = 460E54FB28483EC800B09607;
			remoteInfo = PetDays;
		};
/* End PBXContainerItemProxy section */

/* Begin PBXFileReference section */
		16493C9790CA4D2CA01A0282 /* Pods-PetDays.release.xcconfig */ = {isa = PBXFileReference; includeInIndex = 1; lastKnownFileType = text.xcconfig; name = "Pods-PetDays.release.xcconfig"; path = "Target Support Files/Pods-PetDays/Pods-PetDays.release.xcconfig"; sourceTree = "<group>"; };
		182B1027C3926A74B1BF956B /* Pods-PetDaysTests.release.xcconfig */ = {isa = PBXFileReference; includeInIndex = 1; lastKnownFileType = text.xcconfig; name = "Pods-PetDaysTests.release.xcconfig"; path = "Target Support Files/Pods-PetDaysTests/Pods-PetDaysTests.release.xcconfig"; sourceTree = "<group>"; };
		232B3C45DD0DB25D699902D9 /* Pods_PetDaysTests.framework */ = {isa = PBXFileReference; explicitFileType = wrapper.framework; includeInIndex = 0; path = Pods_PetDaysTests.framework; sourceTree = BUILT_PRODUCTS_DIR; };
		3E40E59A80F104DCE114495F /* Pods-PetDays-PetDaysUITests.debug.xcconfig */ = {isa = PBXFileReference; includeInIndex = 1; lastKnownFileType = text.xcconfig; name = "Pods-PetDays-PetDaysUITests.debug.xcconfig"; path = "Target Support Files/Pods-PetDays-PetDaysUITests/Pods-PetDays-PetDaysUITests.debug.xcconfig"; sourceTree = "<group>"; };
		460E54FC28483EC800B09607 /* PetDays.app */ = {isa = PBXFileReference; explicitFileType = wrapper.application; includeInIndex = 0; path = PetDays.app; sourceTree = BUILT_PRODUCTS_DIR; };
		460E54FF28483EC800B09607 /* AppDelegate.swift */ = {isa = PBXFileReference; lastKnownFileType = sourcecode.swift; path = AppDelegate.swift; sourceTree = "<group>"; };
		460E550128483EC800B09607 /* SceneDelegate.swift */ = {isa = PBXFileReference; lastKnownFileType = sourcecode.swift; path = SceneDelegate.swift; sourceTree = "<group>"; };
		460E550328483EC800B09607 /* ViewController.swift */ = {isa = PBXFileReference; lastKnownFileType = sourcecode.swift; path = ViewController.swift; sourceTree = "<group>"; };
		460E550628483EC800B09607 /* Base */ = {isa = PBXFileReference; lastKnownFileType = file.storyboard; name = Base; path = Base.lproj/Main.storyboard; sourceTree = "<group>"; };
		460E550928483EC800B09607 /* PetDays.xcdatamodel */ = {isa = PBXFileReference; lastKnownFileType = wrapper.xcdatamodel; path = PetDays.xcdatamodel; sourceTree = "<group>"; };
		460E550B28483ECE00B09607 /* Assets.xcassets */ = {isa = PBXFileReference; lastKnownFileType = folder.assetcatalog; path = Assets.xcassets; sourceTree = "<group>"; };
		460E550E28483ECE00B09607 /* Base */ = {isa = PBXFileReference; lastKnownFileType = file.storyboard; name = Base; path = Base.lproj/LaunchScreen.storyboard; sourceTree = "<group>"; };
		460E551028483ECE00B09607 /* Info.plist */ = {isa = PBXFileReference; lastKnownFileType = text.plist.xml; path = Info.plist; sourceTree = "<group>"; };
		460E551528483ECE00B09607 /* PetDaysTests.xctest */ = {isa = PBXFileReference; explicitFileType = wrapper.cfbundle; includeInIndex = 0; path = PetDaysTests.xctest; sourceTree = BUILT_PRODUCTS_DIR; };
		460E551F28483ECE00B09607 /* PetDaysUITests.xctest */ = {isa = PBXFileReference; explicitFileType = wrapper.cfbundle; includeInIndex = 0; path = PetDaysUITests.xctest; sourceTree = BUILT_PRODUCTS_DIR; };
		460E552328483ECE00B09607 /* PetDaysUITests.swift */ = {isa = PBXFileReference; lastKnownFileType = sourcecode.swift; path = PetDaysUITests.swift; sourceTree = "<group>"; };
		460E552528483ECE00B09607 /* PetDaysUITestsLaunchTests.swift */ = {isa = PBXFileReference; lastKnownFileType = sourcecode.swift; path = PetDaysUITestsLaunchTests.swift; sourceTree = "<group>"; };
		460E55342848560600B09607 /* APIManager.swift */ = {isa = PBXFileReference; lastKnownFileType = sourcecode.swift; path = APIManager.swift; sourceTree = "<group>"; };
		460E5536284859A400B09607 /* APIRequest.swift */ = {isa = PBXFileReference; lastKnownFileType = sourcecode.swift; path = APIRequest.swift; sourceTree = "<group>"; };
		4613E47B284DB44400311889 /* String + Utilities.swift */ = {isa = PBXFileReference; lastKnownFileType = sourcecode.swift; path = "String + Utilities.swift"; sourceTree = "<group>"; };
		4613E47D284DB4A900311889 /* NSError + Utilities.swift */ = {isa = PBXFileReference; lastKnownFileType = sourcecode.swift; path = "NSError + Utilities.swift"; sourceTree = "<group>"; };
		4613E480284DB5EE00311889 /* APIObject.swift */ = {isa = PBXFileReference; lastKnownFileType = sourcecode.swift; path = APIObject.swift; sourceTree = "<group>"; };
		4613E482284DB60900311889 /* User.swift */ = {isa = PBXFileReference; lastKnownFileType = sourcecode.swift; path = User.swift; sourceTree = "<group>"; };
		4613E485284DB8C200311889 /* APIResponses.swift */ = {isa = PBXFileReference; lastKnownFileType = sourcecode.swift; path = APIResponses.swift; sourceTree = "<group>"; };
		4613E488284DBBDD00311889 /* LoginAPI.swift */ = {isa = PBXFileReference; lastKnownFileType = sourcecode.swift; path = LoginAPI.swift; sourceTree = "<group>"; };
		4613E48A284DBE2B00311889 /* Profile.swift */ = {isa = PBXFileReference; lastKnownFileType = sourcecode.swift; path = Profile.swift; sourceTree = "<group>"; };
		4613E48E284DC13A00311889 /* LoginResponse.swift */ = {isa = PBXFileReference; lastKnownFileType = sourcecode.swift; path = LoginResponse.swift; sourceTree = "<group>"; };
		4613E492284ED93600311889 /* UserService.swift */ = {isa = PBXFileReference; lastKnownFileType = sourcecode.swift; path = UserService.swift; sourceTree = "<group>"; };
		4613E49B284EDF5900311889 /* MainNavigationController.swift */ = {isa = PBXFileReference; lastKnownFileType = sourcecode.swift; path = MainNavigationController.swift; sourceTree = "<group>"; };
		4613E4A1284EE64900311889 /* Landing.storyboard */ = {isa = PBXFileReference; lastKnownFileType = file.storyboard; path = Landing.storyboard; sourceTree = "<group>"; };
		4613E4A3284EE69500311889 /* StoryboardConstants.swift */ = {isa = PBXFileReference; lastKnownFileType = sourcecode.swift; path = StoryboardConstants.swift; sourceTree = "<group>"; };
		4613E4A5284EE6D300311889 /* LandingViewController.swift */ = {isa = PBXFileReference; lastKnownFileType = sourcecode.swift; path = LandingViewController.swift; sourceTree = "<group>"; };
		4613E4A7284EEAB800311889 /* LandingScreen.swift */ = {isa = PBXFileReference; lastKnownFileType = sourcecode.swift; path = LandingScreen.swift; sourceTree = "<group>"; };
		4613E4A9284EEAC500311889 /* LandingInteractor.swift */ = {isa = PBXFileReference; lastKnownFileType = sourcecode.swift; path = LandingInteractor.swift; sourceTree = "<group>"; };
		4613E4AC284EFD4900311889 /* ScreenComponent.swift */ = {isa = PBXFileReference; lastKnownFileType = sourcecode.swift; path = ScreenComponent.swift; sourceTree = "<group>"; };
		4613E4AF284F07B400311889 /* Login.storyboard */ = {isa = PBXFileReference; lastKnownFileType = file.storyboard; path = Login.storyboard; sourceTree = "<group>"; };
		4613E4B1284F081B00311889 /* LoginViewController.swift */ = {isa = PBXFileReference; lastKnownFileType = sourcecode.swift; path = LoginViewController.swift; sourceTree = "<group>"; };
		4613E4B3284F0A0900311889 /* LoginScreen.swift */ = {isa = PBXFileReference; lastKnownFileType = sourcecode.swift; path = LoginScreen.swift; sourceTree = "<group>"; };
		4613E4B5284F0A1900311889 /* LoginInteractor.swift */ = {isa = PBXFileReference; lastKnownFileType = sourcecode.swift; path = LoginInteractor.swift; sourceTree = "<group>"; };
		4613E4B8284F134900311889 /* PrimaryButton.swift */ = {isa = PBXFileReference; lastKnownFileType = sourcecode.swift; path = PrimaryButton.swift; sourceTree = "<group>"; };
		4613E4BB284F139400311889 /* Theme.swift */ = {isa = PBXFileReference; lastKnownFileType = sourcecode.swift; path = Theme.swift; sourceTree = "<group>"; };
		4613E4BD284F147F00311889 /* UIColor + Utilities.swift */ = {isa = PBXFileReference; lastKnownFileType = sourcecode.swift; path = "UIColor + Utilities.swift"; sourceTree = "<group>"; };
		4613E4BF284F1B9B00311889 /* SecondaryButton.swift */ = {isa = PBXFileReference; lastKnownFileType = sourcecode.swift; path = SecondaryButton.swift; sourceTree = "<group>"; };
		4613E4C7284F1E0800311889 /* CGRect + Utilities.swift */ = {isa = PBXFileReference; fileEncoding = 4; lastKnownFileType = sourcecode.swift; path = "CGRect + Utilities.swift"; sourceTree = "<group>"; };
		4613E4CB284F1E9200311889 /* Separator.swift */ = {isa = PBXFileReference; lastKnownFileType = sourcecode.swift; path = Separator.swift; sourceTree = "<group>"; };
		4613E4CD284F1F1A00311889 /* InputLabel.swift */ = {isa = PBXFileReference; lastKnownFileType = sourcecode.swift; path = InputLabel.swift; sourceTree = "<group>"; };
		4613E4CF284F209A00311889 /* LoginView.xib */ = {isa = PBXFileReference; lastKnownFileType = file.xib; path = LoginView.xib; sourceTree = "<group>"; };
		4613E4D1284F260E00311889 /* LoginView.swift */ = {isa = PBXFileReference; lastKnownFileType = sourcecode.swift; path = LoginView.swift; sourceTree = "<group>"; };
		4613E4D4284F262000311889 /* SignUpView.swift */ = {isa = PBXFileReference; lastKnownFileType = sourcecode.swift; path = SignUpView.swift; sourceTree = "<group>"; };
		4613E4D6284F262900311889 /* SignUpView.xib */ = {isa = PBXFileReference; lastKnownFileType = file.xib; path = SignUpView.xib; sourceTree = "<group>"; };
		4613E4D8284F26AB00311889 /* UIView + Utilities.swift */ = {isa = PBXFileReference; fileEncoding = 4; lastKnownFileType = sourcecode.swift; path = "UIView + Utilities.swift"; sourceTree = "<group>"; };
		4613E4DE284F31AA00311889 /* TitledTextView.swift */ = {isa = PBXFileReference; fileEncoding = 4; lastKnownFileType = sourcecode.swift; path = TitledTextView.swift; sourceTree = "<group>"; };
		4613E4DF284F31AA00311889 /* TitledTextField.swift */ = {isa = PBXFileReference; fileEncoding = 4; lastKnownFileType = sourcecode.swift; path = TitledTextField.swift; sourceTree = "<group>"; };
		4613E4E4284F324300311889 /* NSLayoutConstraint + Utilities.swift */ = {isa = PBXFileReference; fileEncoding = 4; lastKnownFileType = sourcecode.swift; path = "NSLayoutConstraint + Utilities.swift"; sourceTree = "<group>"; };
		4613E4E6284F32AA00311889 /* UILabel + Utilities.swift */ = {isa = PBXFileReference; fileEncoding = 4; lastKnownFileType = sourcecode.swift; path = "UILabel + Utilities.swift"; sourceTree = "<group>"; };
		4613E4EA2850632F00311889 /* UIAlert + Utilities.swift */ = {isa = PBXFileReference; fileEncoding = 4; lastKnownFileType = sourcecode.swift; path = "UIAlert + Utilities.swift"; sourceTree = "<group>"; };
		4613E4EC2850780B00311889 /* APIConstants.swift */ = {isa = PBXFileReference; lastKnownFileType = sourcecode.swift; path = APIConstants.swift; sourceTree = "<group>"; };
		4613E4EE285183FE00311889 /* InternalUserNavigationController.swift */ = {isa = PBXFileReference; lastKnownFileType = sourcecode.swift; path = InternalUserNavigationController.swift; sourceTree = "<group>"; };
		4613E4F22851850100311889 /* HomeScreen.swift */ = {isa = PBXFileReference; lastKnownFileType = sourcecode.swift; path = HomeScreen.swift; sourceTree = "<group>"; };
		4613E4F42851855D00311889 /* HomeInteractor.swift */ = {isa = PBXFileReference; lastKnownFileType = sourcecode.swift; path = HomeInteractor.swift; sourceTree = "<group>"; };
		4613E4F62851858A00311889 /* HomeViewController.swift */ = {isa = PBXFileReference; lastKnownFileType = sourcecode.swift; path = HomeViewController.swift; sourceTree = "<group>"; };
		4613E4F8285186A600311889 /* Internal.storyboard */ = {isa = PBXFileReference; lastKnownFileType = file.storyboard; path = Internal.storyboard; sourceTree = "<group>"; };
		461441A6288A5372008ED25C /* PetAPIService.swift */ = {isa = PBXFileReference; lastKnownFileType = sourcecode.swift; path = PetAPIService.swift; sourceTree = "<group>"; };
		4636893B288BA18F00BB67D3 /* UserAPIService.swift */ = {isa = PBXFileReference; lastKnownFileType = sourcecode.swift; path = UserAPIService.swift; sourceTree = "<group>"; };
		4636893D288BA3A400BB67D3 /* DaycareAPIService.swift */ = {isa = PBXFileReference; lastKnownFileType = sourcecode.swift; path = DaycareAPIService.swift; sourceTree = "<group>"; };
		4636893F288BA72D00BB67D3 /* PostAPIService.swift */ = {isa = PBXFileReference; lastKnownFileType = sourcecode.swift; path = PostAPIService.swift; sourceTree = "<group>"; };
		46368941288BA95600BB67D3 /* JoinDaycareModelView.swift */ = {isa = PBXFileReference; lastKnownFileType = sourcecode.swift; path = JoinDaycareModelView.swift; sourceTree = "<group>"; };
		46368944288BB28200BB67D3 /* DaycareSelectableTableViewCell.swift */ = {isa = PBXFileReference; lastKnownFileType = sourcecode.swift; path = DaycareSelectableTableViewCell.swift; sourceTree = "<group>"; };
		46CFBC04285F419000DAB3D6 /* KeychainManager.swift */ = {isa = PBXFileReference; lastKnownFileType = sourcecode.swift; path = KeychainManager.swift; sourceTree = "<group>"; };
		46CFBC062860508A00DAB3D6 /* LandingTests.swift */ = {isa = PBXFileReference; lastKnownFileType = sourcecode.swift; path = LandingTests.swift; sourceTree = "<group>"; };
		46CFBC0A286065BC00DAB3D6 /* UserTests.swift */ = {isa = PBXFileReference; lastKnownFileType = sourcecode.swift; path = UserTests.swift; sourceTree = "<group>"; };
		46CFBC0E28609C7400DAB3D6 /* WelcomeView.swift */ = {isa = PBXFileReference; lastKnownFileType = sourcecode.swift; path = WelcomeView.swift; sourceTree = "<group>"; };
		46CFBC1028609D3000DAB3D6 /* WelcomeView.xib */ = {isa = PBXFileReference; lastKnownFileType = file.xib; path = WelcomeView.xib; sourceTree = "<group>"; };
		46CFBC122861F24200DAB3D6 /* DaycareAPI.swift */ = {isa = PBXFileReference; lastKnownFileType = sourcecode.swift; path = DaycareAPI.swift; sourceTree = "<group>"; };
		46CFBC142861F2EF00DAB3D6 /* DaycareService.swift */ = {isa = PBXFileReference; lastKnownFileType = sourcecode.swift; path = DaycareService.swift; sourceTree = "<group>"; };
		46DBE26C2851C0E00015D8F1 /* Pet.swift */ = {isa = PBXFileReference; lastKnownFileType = sourcecode.swift; path = Pet.swift; sourceTree = "<group>"; };
		46DBE26F2851C19D0015D8F1 /* Daycare.swift */ = {isa = PBXFileReference; lastKnownFileType = sourcecode.swift; path = Daycare.swift; sourceTree = "<group>"; };
		46DBE2722851C6010015D8F1 /* InternalNavBar.swift */ = {isa = PBXFileReference; lastKnownFileType = sourcecode.swift; path = InternalNavBar.swift; sourceTree = "<group>"; };
		46DBE2752859AD790015D8F1 /* SessionManager.swift */ = {isa = PBXFileReference; lastKnownFileType = sourcecode.swift; path = SessionManager.swift; sourceTree = "<group>"; };
		46DBE2772859B81B0015D8F1 /* Localization.swift */ = {isa = PBXFileReference; lastKnownFileType = sourcecode.swift; path = Localization.swift; sourceTree = "<group>"; };
		46FB8DAD2861557700A36A5C /* AddPetView.xib */ = {isa = PBXFileReference; lastKnownFileType = file.xib; path = AddPetView.xib; sourceTree = "<group>"; };
		46FB8DAF2861558200A36A5C /* AddPetView.swift */ = {isa = PBXFileReference; lastKnownFileType = sourcecode.swift; path = AddPetView.swift; sourceTree = "<group>"; };
		46FB8DB12861728700A36A5C /* FocusLabels.swift */ = {isa = PBXFileReference; lastKnownFileType = sourcecode.swift; path = FocusLabels.swift; sourceTree = "<group>"; };
		46FB8DB4286173BD00A36A5C /* JoinDaycareView.swift */ = {isa = PBXFileReference; lastKnownFileType = sourcecode.swift; path = JoinDaycareView.swift; sourceTree = "<group>"; };
		46FB8DB6286173C800A36A5C /* JoinDaycareView.xib */ = {isa = PBXFileReference; lastKnownFileType = file.xib; path = JoinDaycareView.xib; sourceTree = "<group>"; };
		46FB8DB82861760400A36A5C /* OnboardingScreen.swift */ = {isa = PBXFileReference; lastKnownFileType = sourcecode.swift; path = OnboardingScreen.swift; sourceTree = "<group>"; };
		46FB8DBA2861761E00A36A5C /* OnboardingInteractor.swift */ = {isa = PBXFileReference; lastKnownFileType = sourcecode.swift; path = OnboardingInteractor.swift; sourceTree = "<group>"; };
		46FB8DBC2861762B00A36A5C /* OnboardingViewController.swift */ = {isa = PBXFileReference; lastKnownFileType = sourcecode.swift; path = OnboardingViewController.swift; sourceTree = "<group>"; };
		46FB8DBE28618AA400A36A5C /* OnboardingComponentProtocol.swift */ = {isa = PBXFileReference; lastKnownFileType = sourcecode.swift; path = OnboardingComponentProtocol.swift; sourceTree = "<group>"; };
		46FB8DC028618D1800A36A5C /* PetService.swift */ = {isa = PBXFileReference; lastKnownFileType = sourcecode.swift; path = PetService.swift; sourceTree = "<group>"; };
		46FB8DC228618D3200A36A5C /* PetAPI.swift */ = {isa = PBXFileReference; lastKnownFileType = sourcecode.swift; path = PetAPI.swift; sourceTree = "<group>"; };
		46FB8DC52862C08700A36A5C /* Post.swift */ = {isa = PBXFileReference; lastKnownFileType = sourcecode.swift; path = Post.swift; sourceTree = "<group>"; };
		46FB8DC72862C25400A36A5C /* Date + Utilities.swift */ = {isa = PBXFileReference; fileEncoding = 4; lastKnownFileType = sourcecode.swift; path = "Date + Utilities.swift"; sourceTree = "<group>"; };
		46FB8DCA2862CE9A00A36A5C /* Employee.swift */ = {isa = PBXFileReference; lastKnownFileType = sourcecode.swift; path = Employee.swift; sourceTree = "<group>"; };
		46FB8DCC2862CFDB00A36A5C /* PostService.swift */ = {isa = PBXFileReference; lastKnownFileType = sourcecode.swift; path = PostService.swift; sourceTree = "<group>"; };
		46FB8DCE2862CFE800A36A5C /* PostAPI.swift */ = {isa = PBXFileReference; lastKnownFileType = sourcecode.swift; path = PostAPI.swift; sourceTree = "<group>"; };
		46FB8DD22862D7DB00A36A5C /* PostTableViewCell.swift */ = {isa = PBXFileReference; lastKnownFileType = sourcecode.swift; path = PostTableViewCell.swift; sourceTree = "<group>"; };
		46FB8DD42862D7EB00A36A5C /* PostTableViewCell.xib */ = {isa = PBXFileReference; lastKnownFileType = file.xib; path = PostTableViewCell.xib; sourceTree = "<group>"; };
		46FB8DD62862D98400A36A5C /* DetailLabel.swift */ = {isa = PBXFileReference; lastKnownFileType = sourcecode.swift; path = DetailLabel.swift; sourceTree = "<group>"; };
		46FB8DD82862DB7A00A36A5C /* SemiTitleLabel.swift */ = {isa = PBXFileReference; lastKnownFileType = sourcecode.swift; path = SemiTitleLabel.swift; sourceTree = "<group>"; };
		46FB8DDA2862DC0800A36A5C /* PostTableViewCellModelView.swift */ = {isa = PBXFileReference; lastKnownFileType = sourcecode.swift; path = PostTableViewCellModelView.swift; sourceTree = "<group>"; };
		46FB8DDE2862DF7500A36A5C /* PostPhoto.swift */ = {isa = PBXFileReference; lastKnownFileType = sourcecode.swift; path = PostPhoto.swift; sourceTree = "<group>"; };
		46FB8DE02862E41C00A36A5C /* PostsPageViewController.swift */ = {isa = PBXFileReference; lastKnownFileType = sourcecode.swift; path = PostsPageViewController.swift; sourceTree = "<group>"; };
		5C08DB9F9CBB4A0D058978B3 /* Pods-PetDays-PetDaysUITests.release.xcconfig */ = {isa = PBXFileReference; includeInIndex = 1; lastKnownFileType = text.xcconfig; name = "Pods-PetDays-PetDaysUITests.release.xcconfig"; path = "Target Support Files/Pods-PetDays-PetDaysUITests/Pods-PetDays-PetDaysUITests.release.xcconfig"; sourceTree = "<group>"; };
		7C3D6D98A7DAB4528B9AB1A5 /* Pods_PetDays.framework */ = {isa = PBXFileReference; explicitFileType = wrapper.framework; includeInIndex = 0; path = Pods_PetDays.framework; sourceTree = BUILT_PRODUCTS_DIR; };
		AEDF37611A2A75097C623F1F /* Pods-PetDays.debug.xcconfig */ = {isa = PBXFileReference; includeInIndex = 1; lastKnownFileType = text.xcconfig; name = "Pods-PetDays.debug.xcconfig"; path = "Target Support Files/Pods-PetDays/Pods-PetDays.debug.xcconfig"; sourceTree = "<group>"; };
		C6D6C3E4E8C5A93E9B263F9D /* Pods_PetDays_PetDaysUITests.framework */ = {isa = PBXFileReference; explicitFileType = wrapper.framework; includeInIndex = 0; path = Pods_PetDays_PetDaysUITests.framework; sourceTree = BUILT_PRODUCTS_DIR; };
		E7C84589C0AA9D793CF5C0AF /* Pods-PetDaysTests.debug.xcconfig */ = {isa = PBXFileReference; includeInIndex = 1; lastKnownFileType = text.xcconfig; name = "Pods-PetDaysTests.debug.xcconfig"; path = "Target Support Files/Pods-PetDaysTests/Pods-PetDaysTests.debug.xcconfig"; sourceTree = "<group>"; };
/* End PBXFileReference section */

/* Begin PBXFrameworksBuildPhase section */
		460E54F928483EC800B09607 /* Frameworks */ = {
			isa = PBXFrameworksBuildPhase;
			buildActionMask = 2147483647;
			files = (
				16C8DFC1303E48D90DF8903C /* Pods_PetDays.framework in Frameworks */,
			);
			runOnlyForDeploymentPostprocessing = 0;
		};
		460E551228483ECE00B09607 /* Frameworks */ = {
			isa = PBXFrameworksBuildPhase;
			buildActionMask = 2147483647;
			files = (
				191DE049F5E35B63B40E1D09 /* Pods_PetDaysTests.framework in Frameworks */,
			);
			runOnlyForDeploymentPostprocessing = 0;
		};
		460E551C28483ECE00B09607 /* Frameworks */ = {
			isa = PBXFrameworksBuildPhase;
			buildActionMask = 2147483647;
			files = (
				8CC923488F297AAA2253DD9E /* Pods_PetDays_PetDaysUITests.framework in Frameworks */,
			);
			runOnlyForDeploymentPostprocessing = 0;
		};
/* End PBXFrameworksBuildPhase section */

/* Begin PBXGroup section */
		460E54F328483EC800B09607 = {
			isa = PBXGroup;
			children = (
				460E54FE28483EC800B09607 /* PetDays */,
				460E551828483ECE00B09607 /* PetDaysTests */,
				460E552228483ECE00B09607 /* PetDaysUITests */,
				460E54FD28483EC800B09607 /* Products */,
				BBAE92441F67231D0BDD4883 /* Pods */,
				DF2D8F099C24F47BF40C19C0 /* Frameworks */,
			);
			sourceTree = "<group>";
		};
		460E54FD28483EC800B09607 /* Products */ = {
			isa = PBXGroup;
			children = (
				460E54FC28483EC800B09607 /* PetDays.app */,
				460E551528483ECE00B09607 /* PetDaysTests.xctest */,
				460E551F28483ECE00B09607 /* PetDaysUITests.xctest */,
			);
			name = Products;
			sourceTree = "<group>";
		};
		460E54FE28483EC800B09607 /* PetDays */ = {
			isa = PBXGroup;
			children = (
				460E553228483F7200B09607 /* Network */,
				46DBE2742859AD670015D8F1 /* Session */,
				4613E49A284EDF2900311889 /* Router */,
				4613E498284EDEAF00311889 /* Screens */,
				4613E4A0284EE61600311889 /* Storyboards */,
				4613E4B7284F132000311889 /* Components */,
				4613E4BA284F138900311889 /* Constants */,
				4613E479284DB42C00311889 /* Helpers */,
				460E54FF28483EC800B09607 /* AppDelegate.swift */,
				460E550128483EC800B09607 /* SceneDelegate.swift */,
				460E550328483EC800B09607 /* ViewController.swift */,
				460E550B28483ECE00B09607 /* Assets.xcassets */,
				460E550D28483ECE00B09607 /* LaunchScreen.storyboard */,
				460E551028483ECE00B09607 /* Info.plist */,
				460E550828483EC800B09607 /* PetDays.xcdatamodeld */,
			);
			path = PetDays;
			sourceTree = "<group>";
		};
		460E551828483ECE00B09607 /* PetDaysTests */ = {
			isa = PBXGroup;
			children = (
				46CFBC092860658700DAB3D6 /* ScreenTests */,
				46CFBC082860657500DAB3D6 /* APITests */,
			);
			path = PetDaysTests;
			sourceTree = "<group>";
		};
		460E552228483ECE00B09607 /* PetDaysUITests */ = {
			isa = PBXGroup;
			children = (
				460E552328483ECE00B09607 /* PetDaysUITests.swift */,
				460E552528483ECE00B09607 /* PetDaysUITestsLaunchTests.swift */,
			);
			path = PetDaysUITests;
			sourceTree = "<group>";
		};
		460E553228483F7200B09607 /* Network */ = {
			isa = PBXGroup;
			children = (
				4613E47F284DB5DF00311889 /* Models */,
				4613E487284DBBBC00311889 /* Requests */,
				4613E484284DB8A900311889 /* Responses */,
				460E553328484FBE00B09607 /* Managers */,
			);
			path = Network;
			sourceTree = "<group>";
		};
		460E553328484FBE00B09607 /* Managers */ = {
			isa = PBXGroup;
			children = (
				460E55342848560600B09607 /* APIManager.swift */,
			);
			path = Managers;
			sourceTree = "<group>";
		};
		4613E479284DB42C00311889 /* Helpers */ = {
			isa = PBXGroup;
			children = (
				4613E47A284DB43600311889 /* Utilities */,
			);
			path = Helpers;
			sourceTree = "<group>";
		};
		4613E47A284DB43600311889 /* Utilities */ = {
			isa = PBXGroup;
			children = (
				46FB8DC72862C25400A36A5C /* Date + Utilities.swift */,
				4613E4EA2850632F00311889 /* UIAlert + Utilities.swift */,
				4613E4D8284F26AB00311889 /* UIView + Utilities.swift */,
				4613E47B284DB44400311889 /* String + Utilities.swift */,
				4613E47D284DB4A900311889 /* NSError + Utilities.swift */,
				4613E4BD284F147F00311889 /* UIColor + Utilities.swift */,
				4613E4E4284F324300311889 /* NSLayoutConstraint + Utilities.swift */,
				4613E4E6284F32AA00311889 /* UILabel + Utilities.swift */,
				4613E4C7284F1E0800311889 /* CGRect + Utilities.swift */,
			);
			path = Utilities;
			sourceTree = "<group>";
		};
		4613E47F284DB5DF00311889 /* Models */ = {
			isa = PBXGroup;
			children = (
				4613E490284ED90E00311889 /* Shared */,
				4613E491284ED92100311889 /* User */,
				4613E494284EDCA900311889 /* Profile */,
				46FB8DC92862CE8A00A36A5C /* Employee */,
				46DBE26E2851C18C0015D8F1 /* Daycare */,
				46DBE26B2851C0D30015D8F1 /* Pet */,
				46FB8DC42862C07800A36A5C /* Post */,
			);
			path = Models;
			sourceTree = "<group>";
		};
		4613E484284DB8A900311889 /* Responses */ = {
			isa = PBXGroup;
			children = (
				4613E485284DB8C200311889 /* APIResponses.swift */,
			);
			path = Responses;
			sourceTree = "<group>";
		};
		4613E487284DBBBC00311889 /* Requests */ = {
			isa = PBXGroup;
			children = (
				4613E497284EDD2E00311889 /* Shared */,
				4613E48D284DC12A00311889 /* Requests */,
				4613E48C284DC11800311889 /* Responses */,
			);
			path = Requests;
			sourceTree = "<group>";
		};
		4613E48C284DC11800311889 /* Responses */ = {
			isa = PBXGroup;
			children = (
				4613E48E284DC13A00311889 /* LoginResponse.swift */,
			);
			path = Responses;
			sourceTree = "<group>";
		};
		4613E48D284DC12A00311889 /* Requests */ = {
			isa = PBXGroup;
			children = (
				4613E488284DBBDD00311889 /* LoginAPI.swift */,
				46FB8DC228618D3200A36A5C /* PetAPI.swift */,
				46CFBC122861F24200DAB3D6 /* DaycareAPI.swift */,
				46FB8DCE2862CFE800A36A5C /* PostAPI.swift */,
			);
			path = Requests;
			sourceTree = "<group>";
		};
		4613E490284ED90E00311889 /* Shared */ = {
			isa = PBXGroup;
			children = (
				4613E480284DB5EE00311889 /* APIObject.swift */,
			);
			path = Shared;
			sourceTree = "<group>";
		};
		4613E491284ED92100311889 /* User */ = {
			isa = PBXGroup;
			children = (
				4613E482284DB60900311889 /* User.swift */,
				4613E492284ED93600311889 /* UserService.swift */,
				4636893B288BA18F00BB67D3 /* UserAPIService.swift */,
			);
			path = User;
			sourceTree = "<group>";
		};
		4613E494284EDCA900311889 /* Profile */ = {
			isa = PBXGroup;
			children = (
				4613E48A284DBE2B00311889 /* Profile.swift */,
			);
			path = Profile;
			sourceTree = "<group>";
		};
		4613E497284EDD2E00311889 /* Shared */ = {
			isa = PBXGroup;
			children = (
				460E5536284859A400B09607 /* APIRequest.swift */,
			);
			path = Shared;
			sourceTree = "<group>";
		};
		4613E498284EDEAF00311889 /* Screens */ = {
			isa = PBXGroup;
			children = (
				4613E4AB284EFD3D00311889 /* Shared */,
				4613E49E284EE08500311889 /* Landing */,
				4613E499284EDECA00311889 /* Login */,
				4613E4F02851845E00311889 /* Internal User */,
			);
			path = Screens;
			sourceTree = "<group>";
		};
		4613E499284EDECA00311889 /* Login */ = {
			isa = PBXGroup;
			children = (
				4613E4C1284F1CCE00311889 /* Components */,
				4613E4B3284F0A0900311889 /* LoginScreen.swift */,
				4613E4B1284F081B00311889 /* LoginViewController.swift */,
				4613E4B5284F0A1900311889 /* LoginInteractor.swift */,
			);
			path = Login;
			sourceTree = "<group>";
		};
		4613E49A284EDF2900311889 /* Router */ = {
			isa = PBXGroup;
			children = (
				4613E49B284EDF5900311889 /* MainNavigationController.swift */,
				4613E4EE285183FE00311889 /* InternalUserNavigationController.swift */,
			);
			path = Router;
			sourceTree = "<group>";
		};
		4613E49E284EE08500311889 /* Landing */ = {
			isa = PBXGroup;
			children = (
				4613E4A7284EEAB800311889 /* LandingScreen.swift */,
				4613E4A5284EE6D300311889 /* LandingViewController.swift */,
				4613E4A9284EEAC500311889 /* LandingInteractor.swift */,
			);
			path = Landing;
			sourceTree = "<group>";
		};
		4613E4A0284EE61600311889 /* Storyboards */ = {
			isa = PBXGroup;
			children = (
				4613E4AE284F07A300311889 /* Shared */,
				4613E4A1284EE64900311889 /* Landing.storyboard */,
				4613E4AF284F07B400311889 /* Login.storyboard */,
				460E550528483EC800B09607 /* Main.storyboard */,
				4613E4F8285186A600311889 /* Internal.storyboard */,
			);
			path = Storyboards;
			sourceTree = "<group>";
		};
		4613E4AB284EFD3D00311889 /* Shared */ = {
			isa = PBXGroup;
			children = (
				4613E4AC284EFD4900311889 /* ScreenComponent.swift */,
			);
			path = Shared;
			sourceTree = "<group>";
		};
		4613E4AE284F07A300311889 /* Shared */ = {
			isa = PBXGroup;
			children = (
				4613E4A3284EE69500311889 /* StoryboardConstants.swift */,
			);
			path = Shared;
			sourceTree = "<group>";
		};
		4613E4B7284F132000311889 /* Components */ = {
			isa = PBXGroup;
			children = (
				46DBE2712851C5DB0015D8F1 /* Navigation */,
				4613E4DA284F31AA00311889 /* Titled Text Field */,
				4613E4CA284F1E7E00311889 /* Views */,
				4613E4C9284F1E7900311889 /* Labels */,
				4613E4C6284F1DC400311889 /* Buttons */,
			);
			path = Components;
			sourceTree = "<group>";
		};
		4613E4BA284F138900311889 /* Constants */ = {
			isa = PBXGroup;
			children = (
				4613E4BB284F139400311889 /* Theme.swift */,
				4613E4EC2850780B00311889 /* APIConstants.swift */,
				46DBE2772859B81B0015D8F1 /* Localization.swift */,
			);
			path = Constants;
			sourceTree = "<group>";
		};
		4613E4C1284F1CCE00311889 /* Components */ = {
			isa = PBXGroup;
			children = (
				4613E4D3284F261400311889 /* SignUpView */,
				4613E4C2284F1CEB00311889 /* LoginView */,
			);
			path = Components;
			sourceTree = "<group>";
		};
		4613E4C2284F1CEB00311889 /* LoginView */ = {
			isa = PBXGroup;
			children = (
				4613E4CF284F209A00311889 /* LoginView.xib */,
				4613E4D1284F260E00311889 /* LoginView.swift */,
			);
			path = LoginView;
			sourceTree = "<group>";
		};
		4613E4C6284F1DC400311889 /* Buttons */ = {
			isa = PBXGroup;
			children = (
				4613E4B8284F134900311889 /* PrimaryButton.swift */,
				4613E4BF284F1B9B00311889 /* SecondaryButton.swift */,
			);
			path = Buttons;
			sourceTree = "<group>";
		};
		4613E4C9284F1E7900311889 /* Labels */ = {
			isa = PBXGroup;
			children = (
				4613E4CD284F1F1A00311889 /* InputLabel.swift */,
				46FB8DB12861728700A36A5C /* FocusLabels.swift */,
				46FB8DD62862D98400A36A5C /* DetailLabel.swift */,
				46FB8DD82862DB7A00A36A5C /* SemiTitleLabel.swift */,
			);
			path = Labels;
			sourceTree = "<group>";
		};
		4613E4CA284F1E7E00311889 /* Views */ = {
			isa = PBXGroup;
			children = (
				4613E4CB284F1E9200311889 /* Separator.swift */,
			);
			path = Views;
			sourceTree = "<group>";
		};
		4613E4D3284F261400311889 /* SignUpView */ = {
			isa = PBXGroup;
			children = (
				4613E4D6284F262900311889 /* SignUpView.xib */,
				4613E4D4284F262000311889 /* SignUpView.swift */,
			);
			path = SignUpView;
			sourceTree = "<group>";
		};
		4613E4DA284F31AA00311889 /* Titled Text Field */ = {
			isa = PBXGroup;
			children = (
				4613E4DE284F31AA00311889 /* TitledTextView.swift */,
				4613E4DF284F31AA00311889 /* TitledTextField.swift */,
			);
			path = "Titled Text Field";
			sourceTree = "<group>";
		};
		4613E4F02851845E00311889 /* Internal User */ = {
			isa = PBXGroup;
			children = (
				46CFBC0C28609BAD00DAB3D6 /* Onboarding */,
				4613E4F12851847000311889 /* Home */,
			);
			path = "Internal User";
			sourceTree = "<group>";
		};
		4613E4F12851847000311889 /* Home */ = {
			isa = PBXGroup;
			children = (
				46FB8DD02862D7AA00A36A5C /* Components */,
				4613E4F22851850100311889 /* HomeScreen.swift */,
				4613E4F42851855D00311889 /* HomeInteractor.swift */,
				4613E4F62851858A00311889 /* HomeViewController.swift */,
			);
			path = Home;
			sourceTree = "<group>";
		};
		46368943288BB25900BB67D3 /* Table View Cell */ = {
			isa = PBXGroup;
			children = (
				46368944288BB28200BB67D3 /* DaycareSelectableTableViewCell.swift */,
			);
			path = "Table View Cell";
			sourceTree = "<group>";
		};
		46CFBC082860657500DAB3D6 /* APITests */ = {
			isa = PBXGroup;
			children = (
				46CFBC0A286065BC00DAB3D6 /* UserTests.swift */,
			);
			path = APITests;
			sourceTree = "<group>";
		};
		46CFBC092860658700DAB3D6 /* ScreenTests */ = {
			isa = PBXGroup;
			children = (
				46CFBC062860508A00DAB3D6 /* LandingTests.swift */,
			);
			path = ScreenTests;
			sourceTree = "<group>";
		};
		46CFBC0C28609BAD00DAB3D6 /* Onboarding */ = {
			isa = PBXGroup;
			children = (
				46CFBC0D28609BC600DAB3D6 /* Components */,
				46FB8DB82861760400A36A5C /* OnboardingScreen.swift */,
				46FB8DBA2861761E00A36A5C /* OnboardingInteractor.swift */,
				46FB8DBC2861762B00A36A5C /* OnboardingViewController.swift */,
			);
			path = Onboarding;
			sourceTree = "<group>";
		};
		46CFBC0D28609BC600DAB3D6 /* Components */ = {
			isa = PBXGroup;
			children = (
				46FB8DBE28618AA400A36A5C /* OnboardingComponentProtocol.swift */,
				46FB8DAB2861515400A36A5C /* WelcomeView */,
				46FB8DAC286154DD00A36A5C /* AddPetView */,
				46FB8DB32861739700A36A5C /* JoinDaycareView */,
			);
			path = Components;
			sourceTree = "<group>";
		};
		46DBE26B2851C0D30015D8F1 /* Pet */ = {
			isa = PBXGroup;
			children = (
				46DBE26C2851C0E00015D8F1 /* Pet.swift */,
				46FB8DC028618D1800A36A5C /* PetService.swift */,
				461441A6288A5372008ED25C /* PetAPIService.swift */,
			);
			path = Pet;
			sourceTree = "<group>";
		};
		46DBE26E2851C18C0015D8F1 /* Daycare */ = {
			isa = PBXGroup;
			children = (
				46DBE26F2851C19D0015D8F1 /* Daycare.swift */,
				46CFBC142861F2EF00DAB3D6 /* DaycareService.swift */,
				4636893D288BA3A400BB67D3 /* DaycareAPIService.swift */,
			);
			path = Daycare;
			sourceTree = "<group>";
		};
		46DBE2712851C5DB0015D8F1 /* Navigation */ = {
			isa = PBXGroup;
			children = (
				46DBE2722851C6010015D8F1 /* InternalNavBar.swift */,
			);
			path = Navigation;
			sourceTree = "<group>";
		};
		46DBE2742859AD670015D8F1 /* Session */ = {
			isa = PBXGroup;
			children = (
				46DBE2752859AD790015D8F1 /* SessionManager.swift */,
				46CFBC04285F419000DAB3D6 /* KeychainManager.swift */,
			);
			path = Session;
			sourceTree = "<group>";
		};
		46FB8DAB2861515400A36A5C /* WelcomeView */ = {
			isa = PBXGroup;
			children = (
				46CFBC1028609D3000DAB3D6 /* WelcomeView.xib */,
				46CFBC0E28609C7400DAB3D6 /* WelcomeView.swift */,
			);
			path = WelcomeView;
			sourceTree = "<group>";
		};
		46FB8DAC286154DD00A36A5C /* AddPetView */ = {
			isa = PBXGroup;
			children = (
				46FB8DAD2861557700A36A5C /* AddPetView.xib */,
				46FB8DAF2861558200A36A5C /* AddPetView.swift */,
			);
			path = AddPetView;
			sourceTree = "<group>";
		};
		46FB8DB32861739700A36A5C /* JoinDaycareView */ = {
			isa = PBXGroup;
			children = (
				46368943288BB25900BB67D3 /* Table View Cell */,
				46FB8DB6286173C800A36A5C /* JoinDaycareView.xib */,
				46FB8DB4286173BD00A36A5C /* JoinDaycareView.swift */,
				46368941288BA95600BB67D3 /* JoinDaycareModelView.swift */,
			);
			path = JoinDaycareView;
			sourceTree = "<group>";
		};
		46FB8DC42862C07800A36A5C /* Post */ = {
			isa = PBXGroup;
			children = (
				46FB8DDC2862DF5F00A36A5C /* Post */,
				46FB8DDD2862DF6800A36A5C /* Post Photo */,
			);
			path = Post;
			sourceTree = "<group>";
		};
		46FB8DC92862CE8A00A36A5C /* Employee */ = {
			isa = PBXGroup;
			children = (
				46FB8DCA2862CE9A00A36A5C /* Employee.swift */,
			);
			path = Employee;
			sourceTree = "<group>";
		};
		46FB8DD02862D7AA00A36A5C /* Components */ = {
			isa = PBXGroup;
			children = (
				46FB8DD12862D7B500A36A5C /* PostTableViewCell */,
			);
			path = Components;
			sourceTree = "<group>";
		};
		46FB8DD12862D7B500A36A5C /* PostTableViewCell */ = {
			isa = PBXGroup;
			children = (
				46FB8DD42862D7EB00A36A5C /* PostTableViewCell.xib */,
				46FB8DD22862D7DB00A36A5C /* PostTableViewCell.swift */,
				46FB8DDA2862DC0800A36A5C /* PostTableViewCellModelView.swift */,
				46FB8DE02862E41C00A36A5C /* PostsPageViewController.swift */,
			);
			path = PostTableViewCell;
			sourceTree = "<group>";
		};
		46FB8DDC2862DF5F00A36A5C /* Post */ = {
			isa = PBXGroup;
			children = (
				46FB8DC52862C08700A36A5C /* Post.swift */,
				46FB8DCC2862CFDB00A36A5C /* PostService.swift */,
				4636893F288BA72D00BB67D3 /* PostAPIService.swift */,
			);
			path = Post;
			sourceTree = "<group>";
		};
		46FB8DDD2862DF6800A36A5C /* Post Photo */ = {
			isa = PBXGroup;
			children = (
				46FB8DDE2862DF7500A36A5C /* PostPhoto.swift */,
			);
			path = "Post Photo";
			sourceTree = "<group>";
		};
		BBAE92441F67231D0BDD4883 /* Pods */ = {
			isa = PBXGroup;
			children = (
				AEDF37611A2A75097C623F1F /* Pods-PetDays.debug.xcconfig */,
				16493C9790CA4D2CA01A0282 /* Pods-PetDays.release.xcconfig */,
				3E40E59A80F104DCE114495F /* Pods-PetDays-PetDaysUITests.debug.xcconfig */,
				5C08DB9F9CBB4A0D058978B3 /* Pods-PetDays-PetDaysUITests.release.xcconfig */,
				E7C84589C0AA9D793CF5C0AF /* Pods-PetDaysTests.debug.xcconfig */,
				182B1027C3926A74B1BF956B /* Pods-PetDaysTests.release.xcconfig */,
			);
			path = Pods;
			sourceTree = "<group>";
		};
		DF2D8F099C24F47BF40C19C0 /* Frameworks */ = {
			isa = PBXGroup;
			children = (
				7C3D6D98A7DAB4528B9AB1A5 /* Pods_PetDays.framework */,
				C6D6C3E4E8C5A93E9B263F9D /* Pods_PetDays_PetDaysUITests.framework */,
				232B3C45DD0DB25D699902D9 /* Pods_PetDaysTests.framework */,
			);
			name = Frameworks;
			sourceTree = "<group>";
		};
/* End PBXGroup section */

/* Begin PBXNativeTarget section */
		460E54FB28483EC800B09607 /* PetDays */ = {
			isa = PBXNativeTarget;
			buildConfigurationList = 460E552928483ECE00B09607 /* Build configuration list for PBXNativeTarget "PetDays" */;
			buildPhases = (
				2ADE0AFCBC6EB5AB9E9B2F7A /* [CP] Check Pods Manifest.lock */,
				460E54F828483EC800B09607 /* Sources */,
				460E54F928483EC800B09607 /* Frameworks */,
				460E54FA28483EC800B09607 /* Resources */,
				C4DDF10FF62BD842C94ED2D8 /* [CP] Embed Pods Frameworks */,
			);
			buildRules = (
			);
			dependencies = (
			);
			name = PetDays;
			productName = PetDays;
			productReference = 460E54FC28483EC800B09607 /* PetDays.app */;
			productType = "com.apple.product-type.application";
		};
		460E551428483ECE00B09607 /* PetDaysTests */ = {
			isa = PBXNativeTarget;
			buildConfigurationList = 460E552C28483ECE00B09607 /* Build configuration list for PBXNativeTarget "PetDaysTests" */;
			buildPhases = (
				9266796C5F1D25035D75CFAB /* [CP] Check Pods Manifest.lock */,
				460E551128483ECE00B09607 /* Sources */,
				460E551228483ECE00B09607 /* Frameworks */,
				460E551328483ECE00B09607 /* Resources */,
			);
			buildRules = (
			);
			dependencies = (
				460E551728483ECE00B09607 /* PBXTargetDependency */,
			);
			name = PetDaysTests;
			productName = PetDaysTests;
			productReference = 460E551528483ECE00B09607 /* PetDaysTests.xctest */;
			productType = "com.apple.product-type.bundle.unit-test";
		};
		460E551E28483ECE00B09607 /* PetDaysUITests */ = {
			isa = PBXNativeTarget;
			buildConfigurationList = 460E552F28483ECE00B09607 /* Build configuration list for PBXNativeTarget "PetDaysUITests" */;
			buildPhases = (
				2BAEDF0173BA0B5045C66B34 /* [CP] Check Pods Manifest.lock */,
				460E551B28483ECE00B09607 /* Sources */,
				460E551C28483ECE00B09607 /* Frameworks */,
				460E551D28483ECE00B09607 /* Resources */,
				CA3EA372D38D1A4396BFF15E /* [CP] Embed Pods Frameworks */,
			);
			buildRules = (
			);
			dependencies = (
				460E552128483ECE00B09607 /* PBXTargetDependency */,
			);
			name = PetDaysUITests;
			productName = PetDaysUITests;
			productReference = 460E551F28483ECE00B09607 /* PetDaysUITests.xctest */;
			productType = "com.apple.product-type.bundle.ui-testing";
		};
/* End PBXNativeTarget section */

/* Begin PBXProject section */
		460E54F428483EC800B09607 /* Project object */ = {
			isa = PBXProject;
			attributes = {
				BuildIndependentTargetsInParallel = 1;
				LastSwiftUpdateCheck = 1340;
				LastUpgradeCheck = 1340;
				TargetAttributes = {
					460E54FB28483EC800B09607 = {
						CreatedOnToolsVersion = 13.4;
					};
					460E551428483ECE00B09607 = {
						CreatedOnToolsVersion = 13.4;
						TestTargetID = 460E54FB28483EC800B09607;
					};
					460E551E28483ECE00B09607 = {
						CreatedOnToolsVersion = 13.4;
						TestTargetID = 460E54FB28483EC800B09607;
					};
				};
			};
			buildConfigurationList = 460E54F728483EC800B09607 /* Build configuration list for PBXProject "PetDays" */;
			compatibilityVersion = "Xcode 13.0";
			developmentRegion = en;
			hasScannedForEncodings = 0;
			knownRegions = (
				en,
				Base,
			);
			mainGroup = 460E54F328483EC800B09607;
			productRefGroup = 460E54FD28483EC800B09607 /* Products */;
			projectDirPath = "";
			projectRoot = "";
			targets = (
				460E54FB28483EC800B09607 /* PetDays */,
				460E551428483ECE00B09607 /* PetDaysTests */,
				460E551E28483ECE00B09607 /* PetDaysUITests */,
			);
		};
/* End PBXProject section */

/* Begin PBXResourcesBuildPhase section */
		460E54FA28483EC800B09607 /* Resources */ = {
			isa = PBXResourcesBuildPhase;
			buildActionMask = 2147483647;
			files = (
				460E550F28483ECE00B09607 /* LaunchScreen.storyboard in Resources */,
				46FB8DB7286173C800A36A5C /* JoinDaycareView.xib in Resources */,
				46CFBC1128609D3000DAB3D6 /* WelcomeView.xib in Resources */,
				46FB8DD52862D7EB00A36A5C /* PostTableViewCell.xib in Resources */,
				46FB8DAE2861557700A36A5C /* AddPetView.xib in Resources */,
				460E550C28483ECE00B09607 /* Assets.xcassets in Resources */,
				4613E4D7284F262900311889 /* SignUpView.xib in Resources */,
				4613E4D0284F209A00311889 /* LoginView.xib in Resources */,
				4613E4A2284EE64900311889 /* Landing.storyboard in Resources */,
				4613E4B0284F07B400311889 /* Login.storyboard in Resources */,
				460E550728483EC800B09607 /* Main.storyboard in Resources */,
				4613E4F9285186A600311889 /* Internal.storyboard in Resources */,
			);
			runOnlyForDeploymentPostprocessing = 0;
		};
		460E551328483ECE00B09607 /* Resources */ = {
			isa = PBXResourcesBuildPhase;
			buildActionMask = 2147483647;
			files = (
			);
			runOnlyForDeploymentPostprocessing = 0;
		};
		460E551D28483ECE00B09607 /* Resources */ = {
			isa = PBXResourcesBuildPhase;
			buildActionMask = 2147483647;
			files = (
			);
			runOnlyForDeploymentPostprocessing = 0;
		};
/* End PBXResourcesBuildPhase section */

/* Begin PBXShellScriptBuildPhase section */
		2ADE0AFCBC6EB5AB9E9B2F7A /* [CP] Check Pods Manifest.lock */ = {
			isa = PBXShellScriptBuildPhase;
			buildActionMask = 2147483647;
			files = (
			);
			inputFileListPaths = (
			);
			inputPaths = (
				"${PODS_PODFILE_DIR_PATH}/Podfile.lock",
				"${PODS_ROOT}/Manifest.lock",
			);
			name = "[CP] Check Pods Manifest.lock";
			outputFileListPaths = (
			);
			outputPaths = (
				"$(DERIVED_FILE_DIR)/Pods-PetDays-checkManifestLockResult.txt",
			);
			runOnlyForDeploymentPostprocessing = 0;
			shellPath = /bin/sh;
			shellScript = "diff \"${PODS_PODFILE_DIR_PATH}/Podfile.lock\" \"${PODS_ROOT}/Manifest.lock\" > /dev/null\nif [ $? != 0 ] ; then\n    # print error to STDERR\n    echo \"error: The sandbox is not in sync with the Podfile.lock. Run 'pod install' or update your CocoaPods installation.\" >&2\n    exit 1\nfi\n# This output is used by Xcode 'outputs' to avoid re-running this script phase.\necho \"SUCCESS\" > \"${SCRIPT_OUTPUT_FILE_0}\"\n";
			showEnvVarsInLog = 0;
		};
		2BAEDF0173BA0B5045C66B34 /* [CP] Check Pods Manifest.lock */ = {
			isa = PBXShellScriptBuildPhase;
			buildActionMask = 2147483647;
			files = (
			);
			inputFileListPaths = (
			);
			inputPaths = (
				"${PODS_PODFILE_DIR_PATH}/Podfile.lock",
				"${PODS_ROOT}/Manifest.lock",
			);
			name = "[CP] Check Pods Manifest.lock";
			outputFileListPaths = (
			);
			outputPaths = (
				"$(DERIVED_FILE_DIR)/Pods-PetDays-PetDaysUITests-checkManifestLockResult.txt",
			);
			runOnlyForDeploymentPostprocessing = 0;
			shellPath = /bin/sh;
			shellScript = "diff \"${PODS_PODFILE_DIR_PATH}/Podfile.lock\" \"${PODS_ROOT}/Manifest.lock\" > /dev/null\nif [ $? != 0 ] ; then\n    # print error to STDERR\n    echo \"error: The sandbox is not in sync with the Podfile.lock. Run 'pod install' or update your CocoaPods installation.\" >&2\n    exit 1\nfi\n# This output is used by Xcode 'outputs' to avoid re-running this script phase.\necho \"SUCCESS\" > \"${SCRIPT_OUTPUT_FILE_0}\"\n";
			showEnvVarsInLog = 0;
		};
		9266796C5F1D25035D75CFAB /* [CP] Check Pods Manifest.lock */ = {
			isa = PBXShellScriptBuildPhase;
			buildActionMask = 2147483647;
			files = (
			);
			inputFileListPaths = (
			);
			inputPaths = (
				"${PODS_PODFILE_DIR_PATH}/Podfile.lock",
				"${PODS_ROOT}/Manifest.lock",
			);
			name = "[CP] Check Pods Manifest.lock";
			outputFileListPaths = (
			);
			outputPaths = (
				"$(DERIVED_FILE_DIR)/Pods-PetDaysTests-checkManifestLockResult.txt",
			);
			runOnlyForDeploymentPostprocessing = 0;
			shellPath = /bin/sh;
			shellScript = "diff \"${PODS_PODFILE_DIR_PATH}/Podfile.lock\" \"${PODS_ROOT}/Manifest.lock\" > /dev/null\nif [ $? != 0 ] ; then\n    # print error to STDERR\n    echo \"error: The sandbox is not in sync with the Podfile.lock. Run 'pod install' or update your CocoaPods installation.\" >&2\n    exit 1\nfi\n# This output is used by Xcode 'outputs' to avoid re-running this script phase.\necho \"SUCCESS\" > \"${SCRIPT_OUTPUT_FILE_0}\"\n";
			showEnvVarsInLog = 0;
		};
		C4DDF10FF62BD842C94ED2D8 /* [CP] Embed Pods Frameworks */ = {
			isa = PBXShellScriptBuildPhase;
			buildActionMask = 2147483647;
			files = (
			);
			inputFileListPaths = (
				"${PODS_ROOT}/Target Support Files/Pods-PetDays/Pods-PetDays-frameworks-${CONFIGURATION}-input-files.xcfilelist",
			);
			name = "[CP] Embed Pods Frameworks";
			outputFileListPaths = (
				"${PODS_ROOT}/Target Support Files/Pods-PetDays/Pods-PetDays-frameworks-${CONFIGURATION}-output-files.xcfilelist",
			);
			runOnlyForDeploymentPostprocessing = 0;
			shellPath = /bin/sh;
			shellScript = "\"${PODS_ROOT}/Target Support Files/Pods-PetDays/Pods-PetDays-frameworks.sh\"\n";
			showEnvVarsInLog = 0;
		};
		CA3EA372D38D1A4396BFF15E /* [CP] Embed Pods Frameworks */ = {
			isa = PBXShellScriptBuildPhase;
			buildActionMask = 2147483647;
			files = (
			);
			inputFileListPaths = (
				"${PODS_ROOT}/Target Support Files/Pods-PetDays-PetDaysUITests/Pods-PetDays-PetDaysUITests-frameworks-${CONFIGURATION}-input-files.xcfilelist",
			);
			name = "[CP] Embed Pods Frameworks";
			outputFileListPaths = (
				"${PODS_ROOT}/Target Support Files/Pods-PetDays-PetDaysUITests/Pods-PetDays-PetDaysUITests-frameworks-${CONFIGURATION}-output-files.xcfilelist",
			);
			runOnlyForDeploymentPostprocessing = 0;
			shellPath = /bin/sh;
			shellScript = "\"${PODS_ROOT}/Target Support Files/Pods-PetDays-PetDaysUITests/Pods-PetDays-PetDaysUITests-frameworks.sh\"\n";
			showEnvVarsInLog = 0;
		};
/* End PBXShellScriptBuildPhase section */

/* Begin PBXSourcesBuildPhase section */
		460E54F828483EC800B09607 /* Sources */ = {
			isa = PBXSourcesBuildPhase;
			buildActionMask = 2147483647;
			files = (
				4613E4BC284F139400311889 /* Theme.swift in Sources */,
				4613E4CE284F1F1A00311889 /* InputLabel.swift in Sources */,
				460E550428483EC800B09607 /* ViewController.swift in Sources */,
				46FB8DB22861728800A36A5C /* FocusLabels.swift in Sources */,
				46FB8DDF2862DF7500A36A5C /* PostPhoto.swift in Sources */,
				46DBE26D2851C0E00015D8F1 /* Pet.swift in Sources */,
				4613E47C284DB44400311889 /* String + Utilities.swift in Sources */,
				46DBE2782859B81B0015D8F1 /* Localization.swift in Sources */,
				46CFBC0F28609C7400DAB3D6 /* WelcomeView.swift in Sources */,
				46FB8DC128618D1800A36A5C /* PetService.swift in Sources */,
				4613E4F72851858A00311889 /* HomeViewController.swift in Sources */,
				46FB8DC62862C08700A36A5C /* Post.swift in Sources */,
				46FB8DCF2862CFE800A36A5C /* PostAPI.swift in Sources */,
				4613E4B6284F0A1900311889 /* LoginInteractor.swift in Sources */,
				46368942288BA95600BB67D3 /* JoinDaycareModelView.swift in Sources */,
				46FB8DD32862D7DB00A36A5C /* PostTableViewCell.swift in Sources */,
				46FB8DBB2861761E00A36A5C /* OnboardingInteractor.swift in Sources */,
				4613E4B2284F081B00311889 /* LoginViewController.swift in Sources */,
				46368945288BB28200BB67D3 /* DaycareSelectableTableViewCell.swift in Sources */,
				461441A7288A5372008ED25C /* PetAPIService.swift in Sources */,
				46FB8DBD2861762B00A36A5C /* OnboardingViewController.swift in Sources */,
				460E5537284859A400B09607 /* APIRequest.swift in Sources */,
				4613E4B4284F0A0900311889 /* LoginScreen.swift in Sources */,
				4613E48B284DBE2B00311889 /* Profile.swift in Sources */,
				4613E4D2284F260E00311889 /* LoginView.swift in Sources */,
				4613E4AA284EEAC500311889 /* LandingInteractor.swift in Sources */,
				4613E486284DB8C200311889 /* APIResponses.swift in Sources */,
				4613E4C0284F1B9B00311889 /* SecondaryButton.swift in Sources */,
				4613E489284DBBDD00311889 /* LoginAPI.swift in Sources */,
				4613E48F284DC13A00311889 /* LoginResponse.swift in Sources */,
				46FB8DCB2862CE9A00A36A5C /* Employee.swift in Sources */,
				4613E49C284EDF5900311889 /* MainNavigationController.swift in Sources */,
				4613E4EF285183FE00311889 /* InternalUserNavigationController.swift in Sources */,
				46DBE2762859AD7A0015D8F1 /* SessionManager.swift in Sources */,
				46FB8DB02861558200A36A5C /* AddPetView.swift in Sources */,
				460E550028483EC800B09607 /* AppDelegate.swift in Sources */,
				46FB8DCD2862CFDB00A36A5C /* PostService.swift in Sources */,
				46FB8DD92862DB7A00A36A5C /* SemiTitleLabel.swift in Sources */,
				4613E481284DB5EE00311889 /* APIObject.swift in Sources */,
				4613E4C8284F1E0800311889 /* CGRect + Utilities.swift in Sources */,
				46FB8DB5286173BD00A36A5C /* JoinDaycareView.swift in Sources */,
				4613E4BE284F147F00311889 /* UIColor + Utilities.swift in Sources */,
				46DBE2702851C19D0015D8F1 /* Daycare.swift in Sources */,
				460E55352848560600B09607 /* APIManager.swift in Sources */,
				4613E4F52851855D00311889 /* HomeInteractor.swift in Sources */,
				4613E4D9284F26AB00311889 /* UIView + Utilities.swift in Sources */,
				4613E4A6284EE6D300311889 /* LandingViewController.swift in Sources */,
				46FB8DC328618D3200A36A5C /* PetAPI.swift in Sources */,
				4613E4A4284EE69500311889 /* StoryboardConstants.swift in Sources */,
				46FB8DD72862D98400A36A5C /* DetailLabel.swift in Sources */,
				4613E4EB2850632F00311889 /* UIAlert + Utilities.swift in Sources */,
				46FB8DDB2862DC0800A36A5C /* PostTableViewCellModelView.swift in Sources */,
				4613E4B9284F134900311889 /* PrimaryButton.swift in Sources */,
				4613E4E2284F31AA00311889 /* TitledTextView.swift in Sources */,
				46FB8DC82862C25400A36A5C /* Date + Utilities.swift in Sources */,
				4613E4AD284EFD4900311889 /* ScreenComponent.swift in Sources */,
				460E550A28483EC800B09607 /* PetDays.xcdatamodeld in Sources */,
				4613E4A8284EEAB800311889 /* LandingScreen.swift in Sources */,
				4636893C288BA18F00BB67D3 /* UserAPIService.swift in Sources */,
				4613E4F32851850100311889 /* HomeScreen.swift in Sources */,
				4636893E288BA3A400BB67D3 /* DaycareAPIService.swift in Sources */,
				46CFBC152861F2EF00DAB3D6 /* DaycareService.swift in Sources */,
				4613E4CC284F1E9200311889 /* Separator.swift in Sources */,
				46CFBC05285F419000DAB3D6 /* KeychainManager.swift in Sources */,
				46DBE2732851C6010015D8F1 /* InternalNavBar.swift in Sources */,
				4613E493284ED93600311889 /* UserService.swift in Sources */,
				4613E4E7284F32AA00311889 /* UILabel + Utilities.swift in Sources */,
				46FB8DE12862E41C00A36A5C /* PostsPageViewController.swift in Sources */,
				46CFBC132861F24200DAB3D6 /* DaycareAPI.swift in Sources */,
				4613E4D5284F262000311889 /* SignUpView.swift in Sources */,
				46368940288BA72D00BB67D3 /* PostAPIService.swift in Sources */,
				4613E47E284DB4A900311889 /* NSError + Utilities.swift in Sources */,
				4613E4ED2850780B00311889 /* APIConstants.swift in Sources */,
				4613E4E5284F324300311889 /* NSLayoutConstraint + Utilities.swift in Sources */,
				46FB8DB92861760400A36A5C /* OnboardingScreen.swift in Sources */,
				46FB8DBF28618AA400A36A5C /* OnboardingComponentProtocol.swift in Sources */,
				4613E4E3284F31AA00311889 /* TitledTextField.swift in Sources */,
				4613E483284DB60900311889 /* User.swift in Sources */,
				460E550228483EC800B09607 /* SceneDelegate.swift in Sources */,
			);
			runOnlyForDeploymentPostprocessing = 0;
		};
		460E551128483ECE00B09607 /* Sources */ = {
			isa = PBXSourcesBuildPhase;
			buildActionMask = 2147483647;
			files = (
				46CFBC0B286065BC00DAB3D6 /* UserTests.swift in Sources */,
				46CFBC072860508A00DAB3D6 /* LandingTests.swift in Sources */,
			);
			runOnlyForDeploymentPostprocessing = 0;
		};
		460E551B28483ECE00B09607 /* Sources */ = {
			isa = PBXSourcesBuildPhase;
			buildActionMask = 2147483647;
			files = (
				460E552428483ECE00B09607 /* PetDaysUITests.swift in Sources */,
				460E552628483ECE00B09607 /* PetDaysUITestsLaunchTests.swift in Sources */,
			);
			runOnlyForDeploymentPostprocessing = 0;
		};
/* End PBXSourcesBuildPhase section */

/* Begin PBXTargetDependency section */
		460E551728483ECE00B09607 /* PBXTargetDependency */ = {
			isa = PBXTargetDependency;
			target = 460E54FB28483EC800B09607 /* PetDays */;
			targetProxy = 460E551628483ECE00B09607 /* PBXContainerItemProxy */;
		};
		460E552128483ECE00B09607 /* PBXTargetDependency */ = {
			isa = PBXTargetDependency;
			target = 460E54FB28483EC800B09607 /* PetDays */;
			targetProxy = 460E552028483ECE00B09607 /* PBXContainerItemProxy */;
		};
/* End PBXTargetDependency section */

/* Begin PBXVariantGroup section */
		460E550528483EC800B09607 /* Main.storyboard */ = {
			isa = PBXVariantGroup;
			children = (
				460E550628483EC800B09607 /* Base */,
			);
			name = Main.storyboard;
			sourceTree = "<group>";
		};
		460E550D28483ECE00B09607 /* LaunchScreen.storyboard */ = {
			isa = PBXVariantGroup;
			children = (
				460E550E28483ECE00B09607 /* Base */,
			);
			name = LaunchScreen.storyboard;
			sourceTree = "<group>";
		};
/* End PBXVariantGroup section */

/* Begin XCBuildConfiguration section */
		460E552728483ECE00B09607 /* Debug */ = {
			isa = XCBuildConfiguration;
			buildSettings = {
				ALWAYS_SEARCH_USER_PATHS = NO;
				CLANG_ANALYZER_NONNULL = YES;
				CLANG_ANALYZER_NUMBER_OBJECT_CONVERSION = YES_AGGRESSIVE;
				CLANG_CXX_LANGUAGE_STANDARD = "gnu++17";
				CLANG_ENABLE_MODULES = YES;
				CLANG_ENABLE_OBJC_ARC = YES;
				CLANG_ENABLE_OBJC_WEAK = YES;
				CLANG_WARN_BLOCK_CAPTURE_AUTORELEASING = YES;
				CLANG_WARN_BOOL_CONVERSION = YES;
				CLANG_WARN_COMMA = YES;
				CLANG_WARN_CONSTANT_CONVERSION = YES;
				CLANG_WARN_DEPRECATED_OBJC_IMPLEMENTATIONS = YES;
				CLANG_WARN_DIRECT_OBJC_ISA_USAGE = YES_ERROR;
				CLANG_WARN_DOCUMENTATION_COMMENTS = YES;
				CLANG_WARN_EMPTY_BODY = YES;
				CLANG_WARN_ENUM_CONVERSION = YES;
				CLANG_WARN_INFINITE_RECURSION = YES;
				CLANG_WARN_INT_CONVERSION = YES;
				CLANG_WARN_NON_LITERAL_NULL_CONVERSION = YES;
				CLANG_WARN_OBJC_IMPLICIT_RETAIN_SELF = YES;
				CLANG_WARN_OBJC_LITERAL_CONVERSION = YES;
				CLANG_WARN_OBJC_ROOT_CLASS = YES_ERROR;
				CLANG_WARN_QUOTED_INCLUDE_IN_FRAMEWORK_HEADER = YES;
				CLANG_WARN_RANGE_LOOP_ANALYSIS = YES;
				CLANG_WARN_STRICT_PROTOTYPES = YES;
				CLANG_WARN_SUSPICIOUS_MOVE = YES;
				CLANG_WARN_UNGUARDED_AVAILABILITY = YES_AGGRESSIVE;
				CLANG_WARN_UNREACHABLE_CODE = YES;
				CLANG_WARN__DUPLICATE_METHOD_MATCH = YES;
				COPY_PHASE_STRIP = NO;
				DEBUG_INFORMATION_FORMAT = dwarf;
				ENABLE_STRICT_OBJC_MSGSEND = YES;
				ENABLE_TESTABILITY = YES;
				GCC_C_LANGUAGE_STANDARD = gnu11;
				GCC_DYNAMIC_NO_PIC = NO;
				GCC_NO_COMMON_BLOCKS = YES;
				GCC_OPTIMIZATION_LEVEL = 0;
				GCC_PREPROCESSOR_DEFINITIONS = (
					"DEBUG=1",
					"$(inherited)",
				);
				GCC_WARN_64_TO_32_BIT_CONVERSION = YES;
				GCC_WARN_ABOUT_RETURN_TYPE = YES_ERROR;
				GCC_WARN_UNDECLARED_SELECTOR = YES;
				GCC_WARN_UNINITIALIZED_AUTOS = YES_AGGRESSIVE;
				GCC_WARN_UNUSED_FUNCTION = YES;
				GCC_WARN_UNUSED_VARIABLE = YES;
				IPHONEOS_DEPLOYMENT_TARGET = 15.5;
				MTL_ENABLE_DEBUG_INFO = INCLUDE_SOURCE;
				MTL_FAST_MATH = YES;
				ONLY_ACTIVE_ARCH = YES;
				SDKROOT = iphoneos;
				SWIFT_ACTIVE_COMPILATION_CONDITIONS = DEBUG;
				SWIFT_OPTIMIZATION_LEVEL = "-Onone";
			};
			name = Debug;
		};
		460E552828483ECE00B09607 /* Release */ = {
			isa = XCBuildConfiguration;
			buildSettings = {
				ALWAYS_SEARCH_USER_PATHS = NO;
				CLANG_ANALYZER_NONNULL = YES;
				CLANG_ANALYZER_NUMBER_OBJECT_CONVERSION = YES_AGGRESSIVE;
				CLANG_CXX_LANGUAGE_STANDARD = "gnu++17";
				CLANG_ENABLE_MODULES = YES;
				CLANG_ENABLE_OBJC_ARC = YES;
				CLANG_ENABLE_OBJC_WEAK = YES;
				CLANG_WARN_BLOCK_CAPTURE_AUTORELEASING = YES;
				CLANG_WARN_BOOL_CONVERSION = YES;
				CLANG_WARN_COMMA = YES;
				CLANG_WARN_CONSTANT_CONVERSION = YES;
				CLANG_WARN_DEPRECATED_OBJC_IMPLEMENTATIONS = YES;
				CLANG_WARN_DIRECT_OBJC_ISA_USAGE = YES_ERROR;
				CLANG_WARN_DOCUMENTATION_COMMENTS = YES;
				CLANG_WARN_EMPTY_BODY = YES;
				CLANG_WARN_ENUM_CONVERSION = YES;
				CLANG_WARN_INFINITE_RECURSION = YES;
				CLANG_WARN_INT_CONVERSION = YES;
				CLANG_WARN_NON_LITERAL_NULL_CONVERSION = YES;
				CLANG_WARN_OBJC_IMPLICIT_RETAIN_SELF = YES;
				CLANG_WARN_OBJC_LITERAL_CONVERSION = YES;
				CLANG_WARN_OBJC_ROOT_CLASS = YES_ERROR;
				CLANG_WARN_QUOTED_INCLUDE_IN_FRAMEWORK_HEADER = YES;
				CLANG_WARN_RANGE_LOOP_ANALYSIS = YES;
				CLANG_WARN_STRICT_PROTOTYPES = YES;
				CLANG_WARN_SUSPICIOUS_MOVE = YES;
				CLANG_WARN_UNGUARDED_AVAILABILITY = YES_AGGRESSIVE;
				CLANG_WARN_UNREACHABLE_CODE = YES;
				CLANG_WARN__DUPLICATE_METHOD_MATCH = YES;
				COPY_PHASE_STRIP = NO;
				DEBUG_INFORMATION_FORMAT = "dwarf-with-dsym";
				ENABLE_NS_ASSERTIONS = NO;
				ENABLE_STRICT_OBJC_MSGSEND = YES;
				GCC_C_LANGUAGE_STANDARD = gnu11;
				GCC_NO_COMMON_BLOCKS = YES;
				GCC_WARN_64_TO_32_BIT_CONVERSION = YES;
				GCC_WARN_ABOUT_RETURN_TYPE = YES_ERROR;
				GCC_WARN_UNDECLARED_SELECTOR = YES;
				GCC_WARN_UNINITIALIZED_AUTOS = YES_AGGRESSIVE;
				GCC_WARN_UNUSED_FUNCTION = YES;
				GCC_WARN_UNUSED_VARIABLE = YES;
				IPHONEOS_DEPLOYMENT_TARGET = 15.5;
				MTL_ENABLE_DEBUG_INFO = NO;
				MTL_FAST_MATH = YES;
				SDKROOT = iphoneos;
				SWIFT_COMPILATION_MODE = wholemodule;
				SWIFT_OPTIMIZATION_LEVEL = "-O";
				VALIDATE_PRODUCT = YES;
			};
			name = Release;
		};
		460E552A28483ECE00B09607 /* Debug */ = {
			isa = XCBuildConfiguration;
			baseConfigurationReference = AEDF37611A2A75097C623F1F /* Pods-PetDays.debug.xcconfig */;
			buildSettings = {
				ASSETCATALOG_COMPILER_APPICON_NAME = AppIcon;
				ASSETCATALOG_COMPILER_GLOBAL_ACCENT_COLOR_NAME = AccentColor;
				CODE_SIGN_STYLE = Automatic;
				CURRENT_PROJECT_VERSION = 1;
				DEVELOPMENT_TEAM = EUM5NDB3H2;
				GENERATE_INFOPLIST_FILE = YES;
				INFOPLIST_FILE = PetDays/Info.plist;
				INFOPLIST_KEY_UIApplicationSupportsIndirectInputEvents = YES;
				INFOPLIST_KEY_UILaunchStoryboardName = LaunchScreen;
				INFOPLIST_KEY_UISupportedInterfaceOrientations_iPad = "UIInterfaceOrientationPortrait UIInterfaceOrientationPortraitUpsideDown UIInterfaceOrientationLandscapeLeft UIInterfaceOrientationLandscapeRight";
				INFOPLIST_KEY_UISupportedInterfaceOrientations_iPhone = "UIInterfaceOrientationPortrait UIInterfaceOrientationLandscapeLeft UIInterfaceOrientationLandscapeRight";
				LD_RUNPATH_SEARCH_PATHS = (
					"$(inherited)",
					"@executable_path/Frameworks",
				);
				MARKETING_VERSION = 1.0;
				PRODUCT_BUNDLE_IDENTIFIER = com.samuelwong.PetDays;
				PRODUCT_NAME = "$(TARGET_NAME)";
				SWIFT_EMIT_LOC_STRINGS = YES;
				SWIFT_VERSION = 5.0;
				TARGETED_DEVICE_FAMILY = "1,2";
			};
			name = Debug;
		};
		460E552B28483ECE00B09607 /* Release */ = {
			isa = XCBuildConfiguration;
			baseConfigurationReference = 16493C9790CA4D2CA01A0282 /* Pods-PetDays.release.xcconfig */;
			buildSettings = {
				ASSETCATALOG_COMPILER_APPICON_NAME = AppIcon;
				ASSETCATALOG_COMPILER_GLOBAL_ACCENT_COLOR_NAME = AccentColor;
				CODE_SIGN_STYLE = Automatic;
				CURRENT_PROJECT_VERSION = 1;
				DEVELOPMENT_TEAM = EUM5NDB3H2;
				GENERATE_INFOPLIST_FILE = YES;
				INFOPLIST_FILE = PetDays/Info.plist;
				INFOPLIST_KEY_UIApplicationSupportsIndirectInputEvents = YES;
				INFOPLIST_KEY_UILaunchStoryboardName = LaunchScreen;
				INFOPLIST_KEY_UISupportedInterfaceOrientations_iPad = "UIInterfaceOrientationPortrait UIInterfaceOrientationPortraitUpsideDown UIInterfaceOrientationLandscapeLeft UIInterfaceOrientationLandscapeRight";
				INFOPLIST_KEY_UISupportedInterfaceOrientations_iPhone = "UIInterfaceOrientationPortrait UIInterfaceOrientationLandscapeLeft UIInterfaceOrientationLandscapeRight";
				LD_RUNPATH_SEARCH_PATHS = (
					"$(inherited)",
					"@executable_path/Frameworks",
				);
				MARKETING_VERSION = 1.0;
				PRODUCT_BUNDLE_IDENTIFIER = com.samuelwong.PetDays;
				PRODUCT_NAME = "$(TARGET_NAME)";
				SWIFT_EMIT_LOC_STRINGS = YES;
				SWIFT_VERSION = 5.0;
				TARGETED_DEVICE_FAMILY = "1,2";
			};
			name = Release;
		};
		460E552D28483ECE00B09607 /* Debug */ = {
			isa = XCBuildConfiguration;
			baseConfigurationReference = E7C84589C0AA9D793CF5C0AF /* Pods-PetDaysTests.debug.xcconfig */;
			buildSettings = {
				ALWAYS_EMBED_SWIFT_STANDARD_LIBRARIES = YES;
				BUNDLE_LOADER = "$(TEST_HOST)";
				CODE_SIGN_STYLE = Automatic;
				CURRENT_PROJECT_VERSION = 1;
				DEVELOPMENT_TEAM = EUM5NDB3H2;
				GENERATE_INFOPLIST_FILE = YES;
				IPHONEOS_DEPLOYMENT_TARGET = 15.5;
				MARKETING_VERSION = 1.0;
				PRODUCT_BUNDLE_IDENTIFIER = com.samuelwong.PetDaysTests;
				PRODUCT_NAME = "$(TARGET_NAME)";
				SWIFT_EMIT_LOC_STRINGS = NO;
				SWIFT_VERSION = 5.0;
				TARGETED_DEVICE_FAMILY = "1,2";
				TEST_HOST = "$(BUILT_PRODUCTS_DIR)/PetDays.app/PetDays";
			};
			name = Debug;
		};
		460E552E28483ECE00B09607 /* Release */ = {
			isa = XCBuildConfiguration;
			baseConfigurationReference = 182B1027C3926A74B1BF956B /* Pods-PetDaysTests.release.xcconfig */;
			buildSettings = {
				ALWAYS_EMBED_SWIFT_STANDARD_LIBRARIES = YES;
				BUNDLE_LOADER = "$(TEST_HOST)";
				CODE_SIGN_STYLE = Automatic;
				CURRENT_PROJECT_VERSION = 1;
				DEVELOPMENT_TEAM = EUM5NDB3H2;
				GENERATE_INFOPLIST_FILE = YES;
				IPHONEOS_DEPLOYMENT_TARGET = 15.5;
				MARKETING_VERSION = 1.0;
				PRODUCT_BUNDLE_IDENTIFIER = com.samuelwong.PetDaysTests;
				PRODUCT_NAME = "$(TARGET_NAME)";
				SWIFT_EMIT_LOC_STRINGS = NO;
				SWIFT_VERSION = 5.0;
				TARGETED_DEVICE_FAMILY = "1,2";
				TEST_HOST = "$(BUILT_PRODUCTS_DIR)/PetDays.app/PetDays";
			};
			name = Release;
		};
		460E553028483ECE00B09607 /* Debug */ = {
			isa = XCBuildConfiguration;
			baseConfigurationReference = 3E40E59A80F104DCE114495F /* Pods-PetDays-PetDaysUITests.debug.xcconfig */;
			buildSettings = {
				ALWAYS_EMBED_SWIFT_STANDARD_LIBRARIES = YES;
				CODE_SIGN_STYLE = Automatic;
				CURRENT_PROJECT_VERSION = 1;
				DEVELOPMENT_TEAM = EUM5NDB3H2;
				GENERATE_INFOPLIST_FILE = YES;
				MARKETING_VERSION = 1.0;
				PRODUCT_BUNDLE_IDENTIFIER = com.samuelwong.PetDaysUITests;
				PRODUCT_NAME = "$(TARGET_NAME)";
				SWIFT_EMIT_LOC_STRINGS = NO;
				SWIFT_VERSION = 5.0;
				TARGETED_DEVICE_FAMILY = "1,2";
				TEST_TARGET_NAME = PetDays;
			};
			name = Debug;
		};
		460E553128483ECE00B09607 /* Release */ = {
			isa = XCBuildConfiguration;
			baseConfigurationReference = 5C08DB9F9CBB4A0D058978B3 /* Pods-PetDays-PetDaysUITests.release.xcconfig */;
			buildSettings = {
				ALWAYS_EMBED_SWIFT_STANDARD_LIBRARIES = YES;
				CODE_SIGN_STYLE = Automatic;
				CURRENT_PROJECT_VERSION = 1;
				DEVELOPMENT_TEAM = EUM5NDB3H2;
				GENERATE_INFOPLIST_FILE = YES;
				MARKETING_VERSION = 1.0;
				PRODUCT_BUNDLE_IDENTIFIER = com.samuelwong.PetDaysUITests;
				PRODUCT_NAME = "$(TARGET_NAME)";
				SWIFT_EMIT_LOC_STRINGS = NO;
				SWIFT_VERSION = 5.0;
				TARGETED_DEVICE_FAMILY = "1,2";
				TEST_TARGET_NAME = PetDays;
			};
			name = Release;
		};
/* End XCBuildConfiguration section */

/* Begin XCConfigurationList section */
		460E54F728483EC800B09607 /* Build configuration list for PBXProject "PetDays" */ = {
			isa = XCConfigurationList;
			buildConfigurations = (
				460E552728483ECE00B09607 /* Debug */,
				460E552828483ECE00B09607 /* Release */,
			);
			defaultConfigurationIsVisible = 0;
			defaultConfigurationName = Release;
		};
		460E552928483ECE00B09607 /* Build configuration list for PBXNativeTarget "PetDays" */ = {
			isa = XCConfigurationList;
			buildConfigurations = (
				460E552A28483ECE00B09607 /* Debug */,
				460E552B28483ECE00B09607 /* Release */,
			);
			defaultConfigurationIsVisible = 0;
			defaultConfigurationName = Release;
		};
		460E552C28483ECE00B09607 /* Build configuration list for PBXNativeTarget "PetDaysTests" */ = {
			isa = XCConfigurationList;
			buildConfigurations = (
				460E552D28483ECE00B09607 /* Debug */,
				460E552E28483ECE00B09607 /* Release */,
			);
			defaultConfigurationIsVisible = 0;
			defaultConfigurationName = Release;
		};
		460E552F28483ECE00B09607 /* Build configuration list for PBXNativeTarget "PetDaysUITests" */ = {
			isa = XCConfigurationList;
			buildConfigurations = (
				460E553028483ECE00B09607 /* Debug */,
				460E553128483ECE00B09607 /* Release */,
			);
			defaultConfigurationIsVisible = 0;
			defaultConfigurationName = Release;
		};
/* End XCConfigurationList section */

/* Begin XCVersionGroup section */
		460E550828483EC800B09607 /* PetDays.xcdatamodeld */ = {
			isa = XCVersionGroup;
			children = (
				460E550928483EC800B09607 /* PetDays.xcdatamodel */,
			);
			currentVersion = 460E550928483EC800B09607 /* PetDays.xcdatamodel */;
			path = PetDays.xcdatamodeld;
			sourceTree = "<group>";
			versionGroupType = wrapper.xcdatamodel;
		};
/* End XCVersionGroup section */
	};
	rootObject = 460E54F428483EC800B09607 /* Project object */;
}
