// !$*UTF8*$!
{
	archiveVersion = 1;
	classes = {
	};
	objectVersion = 55;
	objects = {

/* Begin PBXBuildFile section */
		16C8DFC1303E48D90DF8903C /* Pods_PetDays.framework in Frameworks */ = {isa = PBXBuildFile; fileRef = 7C3D6D98A7DAB4528B9AB1A5 /* Pods_PetDays.framework */; };
		191DE049F5E35B63B40E1D09 /* Pods_PetDaysTests.framework in Frameworks */ = {isa = PBXBuildFile; fileRef = 232B3C45DD0DB25D699902D9 /* Pods_PetDaysTests.framework */; };
		460E550028483EC800B09607 /* AppDelegate.swift in Sources */ = {isa = PBXBuildFile; fileRef = 460E54FF28483EC800B09607 /* AppDelegate.swift */; };
		460E550228483EC800B09607 /* SceneDelegate.swift in Sources */ = {isa = PBXBuildFile; fileRef = 460E550128483EC800B09607 /* SceneDelegate.swift */; };
		460E550428483EC800B09607 /* ViewController.swift in Sources */ = {isa = PBXBuildFile; fileRef = 460E550328483EC800B09607 /* ViewController.swift */; };
		460E550728483EC800B09607 /* Main.storyboard in Resources */ = {isa = PBXBuildFile; fileRef = 460E550528483EC800B09607 /* Main.storyboard */; };
		460E550A28483EC800B09607 /* PetDays.xcdatamodeld in Sources */ = {isa = PBXBuildFile; fileRef = 460E550828483EC800B09607 /* PetDays.xcdatamodeld */; };
		460E550C28483ECE00B09607 /* Assets.xcassets in Resources */ = {isa = PBXBuildFile; fileRef = 460E550B28483ECE00B09607 /* Assets.xcassets */; };
		460E550F28483ECE00B09607 /* LaunchScreen.storyboard in Resources */ = {isa = PBXBuildFile; fileRef = 460E550D28483ECE00B09607 /* LaunchScreen.storyboard */; };
		460E551A28483ECE00B09607 /* PetDaysTests.swift in Sources */ = {isa = PBXBuildFile; fileRef = 460E551928483ECE00B09607 /* PetDaysTests.swift */; };
		460E552428483ECE00B09607 /* PetDaysUITests.swift in Sources */ = {isa = PBXBuildFile; fileRef = 460E552328483ECE00B09607 /* PetDaysUITests.swift */; };
		460E552628483ECE00B09607 /* PetDaysUITestsLaunchTests.swift in Sources */ = {isa = PBXBuildFile; fileRef = 460E552528483ECE00B09607 /* PetDaysUITestsLaunchTests.swift */; };
		8CC923488F297AAA2253DD9E /* Pods_PetDays_PetDaysUITests.framework in Frameworks */ = {isa = PBXBuildFile; fileRef = C6D6C3E4E8C5A93E9B263F9D /* Pods_PetDays_PetDaysUITests.framework */; };
/* End PBXBuildFile section */

/* Begin PBXContainerItemProxy section */
		460E551628483ECE00B09607 /* PBXContainerItemProxy */ = {
			isa = PBXContainerItemProxy;
			containerPortal = 460E54F428483EC800B09607 /* Project object */;
			proxyType = 1;
			remoteGlobalIDString = 460E54FB28483EC800B09607;
			remoteInfo = PetDays;
		};
		460E552028483ECE00B09607 /* PBXContainerItemProxy */ = {
			isa = PBXContainerItemProxy;
			containerPortal = 460E54F428483EC800B09607 /* Project object */;
			proxyType = 1;
			remoteGlobalIDString = 460E54FB28483EC800B09607;
			remoteInfo = PetDays;
		};
/* End PBXContainerItemProxy section */

/* Begin PBXFileReference section */
		16493C9790CA4D2CA01A0282 /* Pods-PetDays.release.xcconfig */ = {isa = PBXFileReference; includeInIndex = 1; lastKnownFileType = text.xcconfig; name = "Pods-PetDays.release.xcconfig"; path = "Target Support Files/Pods-PetDays/Pods-PetDays.release.xcconfig"; sourceTree = "<group>"; };
		182B1027C3926A74B1BF956B /* Pods-PetDaysTests.release.xcconfig */ = {isa = PBXFileReference; includeInIndex = 1; lastKnownFileType = text.xcconfig; name = "Pods-PetDaysTests.release.xcconfig"; path = "Target Support Files/Pods-PetDaysTests/Pods-PetDaysTests.release.xcconfig"; sourceTree = "<group>"; };
		232B3C45DD0DB25D699902D9 /* Pods_PetDaysTests.framework */ = {isa = PBXFileReference; explicitFileType = wrapper.framework; includeInIndex = 0; path = Pods_PetDaysTests.framework; sourceTree = BUILT_PRODUCTS_DIR; };
		3E40E59A80F104DCE114495F /* Pods-PetDays-PetDaysUITests.debug.xcconfig */ = {isa = PBXFileReference; includeInIndex = 1; lastKnownFileType = text.xcconfig; name = "Pods-PetDays-PetDaysUITests.debug.xcconfig"; path = "Target Support Files/Pods-PetDays-PetDaysUITests/Pods-PetDays-PetDaysUITests.debug.xcconfig"; sourceTree = "<group>"; };
		460E54FC28483EC800B09607 /* PetDays.app */ = {isa = PBXFileReference; explicitFileType = wrapper.application; includeInIndex = 0; path = PetDays.app; sourceTree = BUILT_PRODUCTS_DIR; };
		460E54FF28483EC800B09607 /* AppDelegate.swift */ = {isa = PBXFileReference; lastKnownFileType = sourcecode.swift; path = AppDelegate.swift; sourceTree = "<group>"; };
		460E550128483EC800B09607 /* SceneDelegate.swift */ = {isa = PBXFileReference; lastKnownFileType = sourcecode.swift; path = SceneDelegate.swift; sourceTree = "<group>"; };
		460E550328483EC800B09607 /* ViewController.swift */ = {isa = PBXFileReference; lastKnownFileType = sourcecode.swift; path = ViewController.swift; sourceTree = "<group>"; };
		460E550628483EC800B09607 /* Base */ = {isa = PBXFileReference; lastKnownFileType = file.storyboard; name = Base; path = Base.lproj/Main.storyboard; sourceTree = "<group>"; };
		460E550928483EC800B09607 /* PetDays.xcdatamodel */ = {isa = PBXFileReference; lastKnownFileType = wrapper.xcdatamodel; path = PetDays.xcdatamodel; sourceTree = "<group>"; };
		460E550B28483ECE00B09607 /* Assets.xcassets */ = {isa = PBXFileReference; lastKnownFileType = folder.assetcatalog; path = Assets.xcassets; sourceTree = "<group>"; };
		460E550E28483ECE00B09607 /* Base */ = {isa = PBXFileReference; lastKnownFileType = file.storyboard; name = Base; path = Base.lproj/LaunchScreen.storyboard; sourceTree = "<group>"; };
		460E551028483ECE00B09607 /* Info.plist */ = {isa = PBXFileReference; lastKnownFileType = text.plist.xml; path = Info.plist; sourceTree = "<group>"; };
		460E551528483ECE00B09607 /* PetDaysTests.xctest */ = {isa = PBXFileReference; explicitFileType = wrapper.cfbundle; includeInIndex = 0; path = PetDaysTests.xctest; sourceTree = BUILT_PRODUCTS_DIR; };
		460E551928483ECE00B09607 /* PetDaysTests.swift */ = {isa = PBXFileReference; lastKnownFileType = sourcecode.swift; path = PetDaysTests.swift; sourceTree = "<group>"; };
		460E551F28483ECE00B09607 /* PetDaysUITests.xctest */ = {isa = PBXFileReference; explicitFileType = wrapper.cfbundle; includeInIndex = 0; path = PetDaysUITests.xctest; sourceTree = BUILT_PRODUCTS_DIR; };
		460E552328483ECE00B09607 /* PetDaysUITests.swift */ = {isa = PBXFileReference; lastKnownFileType = sourcecode.swift; path = PetDaysUITests.swift; sourceTree = "<group>"; };
		460E552528483ECE00B09607 /* PetDaysUITestsLaunchTests.swift */ = {isa = PBXFileReference; lastKnownFileType = sourcecode.swift; path = PetDaysUITestsLaunchTests.swift; sourceTree = "<group>"; };
		5C08DB9F9CBB4A0D058978B3 /* Pods-PetDays-PetDaysUITests.release.xcconfig */ = {isa = PBXFileReference; includeInIndex = 1; lastKnownFileType = text.xcconfig; name = "Pods-PetDays-PetDaysUITests.release.xcconfig"; path = "Target Support Files/Pods-PetDays-PetDaysUITests/Pods-PetDays-PetDaysUITests.release.xcconfig"; sourceTree = "<group>"; };
		7C3D6D98A7DAB4528B9AB1A5 /* Pods_PetDays.framework */ = {isa = PBXFileReference; explicitFileType = wrapper.framework; includeInIndex = 0; path = Pods_PetDays.framework; sourceTree = BUILT_PRODUCTS_DIR; };
		AEDF37611A2A75097C623F1F /* Pods-PetDays.debug.xcconfig */ = {isa = PBXFileReference; includeInIndex = 1; lastKnownFileType = text.xcconfig; name = "Pods-PetDays.debug.xcconfig"; path = "Target Support Files/Pods-PetDays/Pods-PetDays.debug.xcconfig"; sourceTree = "<group>"; };
		C6D6C3E4E8C5A93E9B263F9D /* Pods_PetDays_PetDaysUITests.framework */ = {isa = PBXFileReference; explicitFileType = wrapper.framework; includeInIndex = 0; path = Pods_PetDays_PetDaysUITests.framework; sourceTree = BUILT_PRODUCTS_DIR; };
		E7C84589C0AA9D793CF5C0AF /* Pods-PetDaysTests.debug.xcconfig */ = {isa = PBXFileReference; includeInIndex = 1; lastKnownFileType = text.xcconfig; name = "Pods-PetDaysTests.debug.xcconfig"; path = "Target Support Files/Pods-PetDaysTests/Pods-PetDaysTests.debug.xcconfig"; sourceTree = "<group>"; };
/* End PBXFileReference section */

/* Begin PBXFrameworksBuildPhase section */
		460E54F928483EC800B09607 /* Frameworks */ = {
			isa = PBXFrameworksBuildPhase;
			buildActionMask = 2147483647;
			files = (
				16C8DFC1303E48D90DF8903C /* Pods_PetDays.framework in Frameworks */,
			);
			runOnlyForDeploymentPostprocessing = 0;
		};
		460E551228483ECE00B09607 /* Frameworks */ = {
			isa = PBXFrameworksBuildPhase;
			buildActionMask = 2147483647;
			files = (
				191DE049F5E35B63B40E1D09 /* Pods_PetDaysTests.framework in Frameworks */,
			);
			runOnlyForDeploymentPostprocessing = 0;
		};
		460E551C28483ECE00B09607 /* Frameworks */ = {
			isa = PBXFrameworksBuildPhase;
			buildActionMask = 2147483647;
			files = (
				8CC923488F297AAA2253DD9E /* Pods_PetDays_PetDaysUITests.framework in Frameworks */,
			);
			runOnlyForDeploymentPostprocessing = 0;
		};
/* End PBXFrameworksBuildPhase section */

/* Begin PBXGroup section */
		460E54F328483EC800B09607 = {
			isa = PBXGroup;
			children = (
				460E54FE28483EC800B09607 /* PetDays */,
				460E551828483ECE00B09607 /* PetDaysTests */,
				460E552228483ECE00B09607 /* PetDaysUITests */,
				460E54FD28483EC800B09607 /* Products */,
				BBAE92441F67231D0BDD4883 /* Pods */,
				DF2D8F099C24F47BF40C19C0 /* Frameworks */,
			);
			sourceTree = "<group>";
		};
		460E54FD28483EC800B09607 /* Products */ = {
			isa = PBXGroup;
			children = (
				460E54FC28483EC800B09607 /* PetDays.app */,
				460E551528483ECE00B09607 /* PetDaysTests.xctest */,
				460E551F28483ECE00B09607 /* PetDaysUITests.xctest */,
			);
			name = Products;
			sourceTree = "<group>";
		};
		460E54FE28483EC800B09607 /* PetDays */ = {
			isa = PBXGroup;
			children = (
				460E553228483F7200B09607 /* Network */,
				460E54FF28483EC800B09607 /* AppDelegate.swift */,
				460E550128483EC800B09607 /* SceneDelegate.swift */,
				460E550328483EC800B09607 /* ViewController.swift */,
				460E550528483EC800B09607 /* Main.storyboard */,
				460E550B28483ECE00B09607 /* Assets.xcassets */,
				460E550D28483ECE00B09607 /* LaunchScreen.storyboard */,
				460E551028483ECE00B09607 /* Info.plist */,
				460E550828483EC800B09607 /* PetDays.xcdatamodeld */,
			);
			path = PetDays;
			sourceTree = "<group>";
		};
		460E551828483ECE00B09607 /* PetDaysTests */ = {
			isa = PBXGroup;
			children = (
				460E551928483ECE00B09607 /* PetDaysTests.swift */,
			);
			path = PetDaysTests;
			sourceTree = "<group>";
		};
		460E552228483ECE00B09607 /* PetDaysUITests */ = {
			isa = PBXGroup;
			children = (
				460E552328483ECE00B09607 /* PetDaysUITests.swift */,
				460E552528483ECE00B09607 /* PetDaysUITestsLaunchTests.swift */,
			);
			path = PetDaysUITests;
			sourceTree = "<group>";
		};
		460E553228483F7200B09607 /* Network */ = {
			isa = PBXGroup;
			children = (
			);
			path = Network;
			sourceTree = "<group>";
		};
		BBAE92441F67231D0BDD4883 /* Pods */ = {
			isa = PBXGroup;
			children = (
				AEDF37611A2A75097C623F1F /* Pods-PetDays.debug.xcconfig */,
				16493C9790CA4D2CA01A0282 /* Pods-PetDays.release.xcconfig */,
				3E40E59A80F104DCE114495F /* Pods-PetDays-PetDaysUITests.debug.xcconfig */,
				5C08DB9F9CBB4A0D058978B3 /* Pods-PetDays-PetDaysUITests.release.xcconfig */,
				E7C84589C0AA9D793CF5C0AF /* Pods-PetDaysTests.debug.xcconfig */,
				182B1027C3926A74B1BF956B /* Pods-PetDaysTests.release.xcconfig */,
			);
			name = Pods;
			path = Pods;
			sourceTree = "<group>";
		};
		DF2D8F099C24F47BF40C19C0 /* Frameworks */ = {
			isa = PBXGroup;
			children = (
				7C3D6D98A7DAB4528B9AB1A5 /* Pods_PetDays.framework */,
				C6D6C3E4E8C5A93E9B263F9D /* Pods_PetDays_PetDaysUITests.framework */,
				232B3C45DD0DB25D699902D9 /* Pods_PetDaysTests.framework */,
			);
			name = Frameworks;
			sourceTree = "<group>";
		};
/* End PBXGroup section */

/* Begin PBXNativeTarget section */
		460E54FB28483EC800B09607 /* PetDays */ = {
			isa = PBXNativeTarget;
			buildConfigurationList = 460E552928483ECE00B09607 /* Build configuration list for PBXNativeTarget "PetDays" */;
			buildPhases = (
				2ADE0AFCBC6EB5AB9E9B2F7A /* [CP] Check Pods Manifest.lock */,
				460E54F828483EC800B09607 /* Sources */,
				460E54F928483EC800B09607 /* Frameworks */,
				460E54FA28483EC800B09607 /* Resources */,
				C4DDF10FF62BD842C94ED2D8 /* [CP] Embed Pods Frameworks */,
			);
			buildRules = (
			);
			dependencies = (
			);
			name = PetDays;
			productName = PetDays;
			productReference = 460E54FC28483EC800B09607 /* PetDays.app */;
			productType = "com.apple.product-type.application";
		};
		460E551428483ECE00B09607 /* PetDaysTests */ = {
			isa = PBXNativeTarget;
			buildConfigurationList = 460E552C28483ECE00B09607 /* Build configuration list for PBXNativeTarget "PetDaysTests" */;
			buildPhases = (
				9266796C5F1D25035D75CFAB /* [CP] Check Pods Manifest.lock */,
				460E551128483ECE00B09607 /* Sources */,
				460E551228483ECE00B09607 /* Frameworks */,
				460E551328483ECE00B09607 /* Resources */,
			);
			buildRules = (
			);
			dependencies = (
				460E551728483ECE00B09607 /* PBXTargetDependency */,
			);
			name = PetDaysTests;
			productName = PetDaysTests;
			productReference = 460E551528483ECE00B09607 /* PetDaysTests.xctest */;
			productType = "com.apple.product-type.bundle.unit-test";
		};
		460E551E28483ECE00B09607 /* PetDaysUITests */ = {
			isa = PBXNativeTarget;
			buildConfigurationList = 460E552F28483ECE00B09607 /* Build configuration list for PBXNativeTarget "PetDaysUITests" */;
			buildPhases = (
				2BAEDF0173BA0B5045C66B34 /* [CP] Check Pods Manifest.lock */,
				460E551B28483ECE00B09607 /* Sources */,
				460E551C28483ECE00B09607 /* Frameworks */,
				460E551D28483ECE00B09607 /* Resources */,
				CA3EA372D38D1A4396BFF15E /* [CP] Embed Pods Frameworks */,
			);
			buildRules = (
			);
			dependencies = (
				460E552128483ECE00B09607 /* PBXTargetDependency */,
			);
			name = PetDaysUITests;
			productName = PetDaysUITests;
			productReference = 460E551F28483ECE00B09607 /* PetDaysUITests.xctest */;
			productType = "com.apple.product-type.bundle.ui-testing";
		};
/* End PBXNativeTarget section */

/* Begin PBXProject section */
		460E54F428483EC800B09607 /* Project object */ = {
			isa = PBXProject;
			attributes = {
				BuildIndependentTargetsInParallel = 1;
				LastSwiftUpdateCheck = 1340;
				LastUpgradeCheck = 1340;
				TargetAttributes = {
					460E54FB28483EC800B09607 = {
						CreatedOnToolsVersion = 13.4;
					};
					460E551428483ECE00B09607 = {
						CreatedOnToolsVersion = 13.4;
						TestTargetID = 460E54FB28483EC800B09607;
					};
					460E551E28483ECE00B09607 = {
						CreatedOnToolsVersion = 13.4;
						TestTargetID = 460E54FB28483EC800B09607;
					};
				};
			};
			buildConfigurationList = 460E54F728483EC800B09607 /* Build configuration list for PBXProject "PetDays" */;
			compatibilityVersion = "Xcode 13.0";
			developmentRegion = en;
			hasScannedForEncodings = 0;
			knownRegions = (
				en,
				Base,
			);
			mainGroup = 460E54F328483EC800B09607;
			productRefGroup = 460E54FD28483EC800B09607 /* Products */;
			projectDirPath = "";
			projectRoot = "";
			targets = (
				460E54FB28483EC800B09607 /* PetDays */,
				460E551428483ECE00B09607 /* PetDaysTests */,
				460E551E28483ECE00B09607 /* PetDaysUITests */,
			);
		};
/* End PBXProject section */

/* Begin PBXResourcesBuildPhase section */
		460E54FA28483EC800B09607 /* Resources */ = {
			isa = PBXResourcesBuildPhase;
			buildActionMask = 2147483647;
			files = (
				460E550F28483ECE00B09607 /* LaunchScreen.storyboard in Resources */,
				460E550C28483ECE00B09607 /* Assets.xcassets in Resources */,
				460E550728483EC800B09607 /* Main.storyboard in Resources */,
			);
			runOnlyForDeploymentPostprocessing = 0;
		};
		460E551328483ECE00B09607 /* Resources */ = {
			isa = PBXResourcesBuildPhase;
			buildActionMask = 2147483647;
			files = (
			);
			runOnlyForDeploymentPostprocessing = 0;
		};
		460E551D28483ECE00B09607 /* Resources */ = {
			isa = PBXResourcesBuildPhase;
			buildActionMask = 2147483647;
			files = (
			);
			runOnlyForDeploymentPostprocessing = 0;
		};
/* End PBXResourcesBuildPhase section */

/* Begin PBXShellScriptBuildPhase section */
		2ADE0AFCBC6EB5AB9E9B2F7A /* [CP] Check Pods Manifest.lock */ = {
			isa = PBXShellScriptBuildPhase;
			buildActionMask = 2147483647;
			files = (
			);
			inputFileListPaths = (
			);
			inputPaths = (
				"${PODS_PODFILE_DIR_PATH}/Podfile.lock",
				"${PODS_ROOT}/Manifest.lock",
			);
			name = "[CP] Check Pods Manifest.lock";
			outputFileListPaths = (
			);
			outputPaths = (
				"$(DERIVED_FILE_DIR)/Pods-PetDays-checkManifestLockResult.txt",
			);
			runOnlyForDeploymentPostprocessing = 0;
			shellPath = /bin/sh;
			shellScript = "diff \"${PODS_PODFILE_DIR_PATH}/Podfile.lock\" \"${PODS_ROOT}/Manifest.lock\" > /dev/null\nif [ $? != 0 ] ; then\n    # print error to STDERR\n    echo \"error: The sandbox is not in sync with the Podfile.lock. Run 'pod install' or update your CocoaPods installation.\" >&2\n    exit 1\nfi\n# This output is used by Xcode 'outputs' to avoid re-running this script phase.\necho \"SUCCESS\" > \"${SCRIPT_OUTPUT_FILE_0}\"\n";
			showEnvVarsInLog = 0;
		};
		2BAEDF0173BA0B5045C66B34 /* [CP] Check Pods Manifest.lock */ = {
			isa = PBXShellScriptBuildPhase;
			buildActionMask = 2147483647;
			files = (
			);
			inputFileListPaths = (
			);
			inputPaths = (
				"${PODS_PODFILE_DIR_PATH}/Podfile.lock",
				"${PODS_ROOT}/Manifest.lock",
			);
			name = "[CP] Check Pods Manifest.lock";
			outputFileListPaths = (
			);
			outputPaths = (
				"$(DERIVED_FILE_DIR)/Pods-PetDays-PetDaysUITests-checkManifestLockResult.txt",
			);
			runOnlyForDeploymentPostprocessing = 0;
			shellPath = /bin/sh;
			shellScript = "diff \"${PODS_PODFILE_DIR_PATH}/Podfile.lock\" \"${PODS_ROOT}/Manifest.lock\" > /dev/null\nif [ $? != 0 ] ; then\n    # print error to STDERR\n    echo \"error: The sandbox is not in sync with the Podfile.lock. Run 'pod install' or update your CocoaPods installation.\" >&2\n    exit 1\nfi\n# This output is used by Xcode 'outputs' to avoid re-running this script phase.\necho \"SUCCESS\" > \"${SCRIPT_OUTPUT_FILE_0}\"\n";
			showEnvVarsInLog = 0;
		};
		9266796C5F1D25035D75CFAB /* [CP] Check Pods Manifest.lock */ = {
			isa = PBXShellScriptBuildPhase;
			buildActionMask = 2147483647;
			files = (
			);
			inputFileListPaths = (
			);
			inputPaths = (
				"${PODS_PODFILE_DIR_PATH}/Podfile.lock",
				"${PODS_ROOT}/Manifest.lock",
			);
			name = "[CP] Check Pods Manifest.lock";
			outputFileListPaths = (
			);
			outputPaths = (
				"$(DERIVED_FILE_DIR)/Pods-PetDaysTests-checkManifestLockResult.txt",
			);
			runOnlyForDeploymentPostprocessing = 0;
			shellPath = /bin/sh;
			shellScript = "diff \"${PODS_PODFILE_DIR_PATH}/Podfile.lock\" \"${PODS_ROOT}/Manifest.lock\" > /dev/null\nif [ $? != 0 ] ; then\n    # print error to STDERR\n    echo \"error: The sandbox is not in sync with the Podfile.lock. Run 'pod install' or update your CocoaPods installation.\" >&2\n    exit 1\nfi\n# This output is used by Xcode 'outputs' to avoid re-running this script phase.\necho \"SUCCESS\" > \"${SCRIPT_OUTPUT_FILE_0}\"\n";
			showEnvVarsInLog = 0;
		};
		C4DDF10FF62BD842C94ED2D8 /* [CP] Embed Pods Frameworks */ = {
			isa = PBXShellScriptBuildPhase;
			buildActionMask = 2147483647;
			files = (
			);
			inputFileListPaths = (
				"${PODS_ROOT}/Target Support Files/Pods-PetDays/Pods-PetDays-frameworks-${CONFIGURATION}-input-files.xcfilelist",
			);
			name = "[CP] Embed Pods Frameworks";
			outputFileListPaths = (
				"${PODS_ROOT}/Target Support Files/Pods-PetDays/Pods-PetDays-frameworks-${CONFIGURATION}-output-files.xcfilelist",
			);
			runOnlyForDeploymentPostprocessing = 0;
			shellPath = /bin/sh;
			shellScript = "\"${PODS_ROOT}/Target Support Files/Pods-PetDays/Pods-PetDays-frameworks.sh\"\n";
			showEnvVarsInLog = 0;
		};
		CA3EA372D38D1A4396BFF15E /* [CP] Embed Pods Frameworks */ = {
			isa = PBXShellScriptBuildPhase;
			buildActionMask = 2147483647;
			files = (
			);
			inputFileListPaths = (
				"${PODS_ROOT}/Target Support Files/Pods-PetDays-PetDaysUITests/Pods-PetDays-PetDaysUITests-frameworks-${CONFIGURATION}-input-files.xcfilelist",
			);
			name = "[CP] Embed Pods Frameworks";
			outputFileListPaths = (
				"${PODS_ROOT}/Target Support Files/Pods-PetDays-PetDaysUITests/Pods-PetDays-PetDaysUITests-frameworks-${CONFIGURATION}-output-files.xcfilelist",
			);
			runOnlyForDeploymentPostprocessing = 0;
			shellPath = /bin/sh;
			shellScript = "\"${PODS_ROOT}/Target Support Files/Pods-PetDays-PetDaysUITests/Pods-PetDays-PetDaysUITests-frameworks.sh\"\n";
			showEnvVarsInLog = 0;
		};
/* End PBXShellScriptBuildPhase section */

/* Begin PBXSourcesBuildPhase section */
		460E54F828483EC800B09607 /* Sources */ = {
			isa = PBXSourcesBuildPhase;
			buildActionMask = 2147483647;
			files = (
				460E550428483EC800B09607 /* ViewController.swift in Sources */,
				460E550028483EC800B09607 /* AppDelegate.swift in Sources */,
				460E550A28483EC800B09607 /* PetDays.xcdatamodeld in Sources */,
				460E550228483EC800B09607 /* SceneDelegate.swift in Sources */,
			);
			runOnlyForDeploymentPostprocessing = 0;
		};
		460E551128483ECE00B09607 /* Sources */ = {
			isa = PBXSourcesBuildPhase;
			buildActionMask = 2147483647;
			files = (
				460E551A28483ECE00B09607 /* PetDaysTests.swift in Sources */,
			);
			runOnlyForDeploymentPostprocessing = 0;
		};
		460E551B28483ECE00B09607 /* Sources */ = {
			isa = PBXSourcesBuildPhase;
			buildActionMask = 2147483647;
			files = (
				460E552428483ECE00B09607 /* PetDaysUITests.swift in Sources */,
				460E552628483ECE00B09607 /* PetDaysUITestsLaunchTests.swift in Sources */,
			);
			runOnlyForDeploymentPostprocessing = 0;
		};
/* End PBXSourcesBuildPhase section */

/* Begin PBXTargetDependency section */
		460E551728483ECE00B09607 /* PBXTargetDependency */ = {
			isa = PBXTargetDependency;
			target = 460E54FB28483EC800B09607 /* PetDays */;
			targetProxy = 460E551628483ECE00B09607 /* PBXContainerItemProxy */;
		};
		460E552128483ECE00B09607 /* PBXTargetDependency */ = {
			isa = PBXTargetDependency;
			target = 460E54FB28483EC800B09607 /* PetDays */;
			targetProxy = 460E552028483ECE00B09607 /* PBXContainerItemProxy */;
		};
/* End PBXTargetDependency section */

/* Begin PBXVariantGroup section */
		460E550528483EC800B09607 /* Main.storyboard */ = {
			isa = PBXVariantGroup;
			children = (
				460E550628483EC800B09607 /* Base */,
			);
			name = Main.storyboard;
			sourceTree = "<group>";
		};
		460E550D28483ECE00B09607 /* LaunchScreen.storyboard */ = {
			isa = PBXVariantGroup;
			children = (
				460E550E28483ECE00B09607 /* Base */,
			);
			name = LaunchScreen.storyboard;
			sourceTree = "<group>";
		};
/* End PBXVariantGroup section */

/* Begin XCBuildConfiguration section */
		460E552728483ECE00B09607 /* Debug */ = {
			isa = XCBuildConfiguration;
			buildSettings = {
				ALWAYS_SEARCH_USER_PATHS = NO;
				CLANG_ANALYZER_NONNULL = YES;
				CLANG_ANALYZER_NUMBER_OBJECT_CONVERSION = YES_AGGRESSIVE;
				CLANG_CXX_LANGUAGE_STANDARD = "gnu++17";
				CLANG_ENABLE_MODULES = YES;
				CLANG_ENABLE_OBJC_ARC = YES;
				CLANG_ENABLE_OBJC_WEAK = YES;
				CLANG_WARN_BLOCK_CAPTURE_AUTORELEASING = YES;
				CLANG_WARN_BOOL_CONVERSION = YES;
				CLANG_WARN_COMMA = YES;
				CLANG_WARN_CONSTANT_CONVERSION = YES;
				CLANG_WARN_DEPRECATED_OBJC_IMPLEMENTATIONS = YES;
				CLANG_WARN_DIRECT_OBJC_ISA_USAGE = YES_ERROR;
				CLANG_WARN_DOCUMENTATION_COMMENTS = YES;
				CLANG_WARN_EMPTY_BODY = YES;
				CLANG_WARN_ENUM_CONVERSION = YES;
				CLANG_WARN_INFINITE_RECURSION = YES;
				CLANG_WARN_INT_CONVERSION = YES;
				CLANG_WARN_NON_LITERAL_NULL_CONVERSION = YES;
				CLANG_WARN_OBJC_IMPLICIT_RETAIN_SELF = YES;
				CLANG_WARN_OBJC_LITERAL_CONVERSION = YES;
				CLANG_WARN_OBJC_ROOT_CLASS = YES_ERROR;
				CLANG_WARN_QUOTED_INCLUDE_IN_FRAMEWORK_HEADER = YES;
				CLANG_WARN_RANGE_LOOP_ANALYSIS = YES;
				CLANG_WARN_STRICT_PROTOTYPES = YES;
				CLANG_WARN_SUSPICIOUS_MOVE = YES;
				CLANG_WARN_UNGUARDED_AVAILABILITY = YES_AGGRESSIVE;
				CLANG_WARN_UNREACHABLE_CODE = YES;
				CLANG_WARN__DUPLICATE_METHOD_MATCH = YES;
				COPY_PHASE_STRIP = NO;
				DEBUG_INFORMATION_FORMAT = dwarf;
				ENABLE_STRICT_OBJC_MSGSEND = YES;
				ENABLE_TESTABILITY = YES;
				GCC_C_LANGUAGE_STANDARD = gnu11;
				GCC_DYNAMIC_NO_PIC = NO;
				GCC_NO_COMMON_BLOCKS = YES;
				GCC_OPTIMIZATION_LEVEL = 0;
				GCC_PREPROCESSOR_DEFINITIONS = (
					"DEBUG=1",
					"$(inherited)",
				);
				GCC_WARN_64_TO_32_BIT_CONVERSION = YES;
				GCC_WARN_ABOUT_RETURN_TYPE = YES_ERROR;
				GCC_WARN_UNDECLARED_SELECTOR = YES;
				GCC_WARN_UNINITIALIZED_AUTOS = YES_AGGRESSIVE;
				GCC_WARN_UNUSED_FUNCTION = YES;
				GCC_WARN_UNUSED_VARIABLE = YES;
				IPHONEOS_DEPLOYMENT_TARGET = 15.5;
				MTL_ENABLE_DEBUG_INFO = INCLUDE_SOURCE;
				MTL_FAST_MATH = YES;
				ONLY_ACTIVE_ARCH = YES;
				SDKROOT = iphoneos;
				SWIFT_ACTIVE_COMPILATION_CONDITIONS = DEBUG;
				SWIFT_OPTIMIZATION_LEVEL = "-Onone";
			};
			name = Debug;
		};
		460E552828483ECE00B09607 /* Release */ = {
			isa = XCBuildConfiguration;
			buildSettings = {
				ALWAYS_SEARCH_USER_PATHS = NO;
				CLANG_ANALYZER_NONNULL = YES;
				CLANG_ANALYZER_NUMBER_OBJECT_CONVERSION = YES_AGGRESSIVE;
				CLANG_CXX_LANGUAGE_STANDARD = "gnu++17";
				CLANG_ENABLE_MODULES = YES;
				CLANG_ENABLE_OBJC_ARC = YES;
				CLANG_ENABLE_OBJC_WEAK = YES;
				CLANG_WARN_BLOCK_CAPTURE_AUTORELEASING = YES;
				CLANG_WARN_BOOL_CONVERSION = YES;
				CLANG_WARN_COMMA = YES;
				CLANG_WARN_CONSTANT_CONVERSION = YES;
				CLANG_WARN_DEPRECATED_OBJC_IMPLEMENTATIONS = YES;
				CLANG_WARN_DIRECT_OBJC_ISA_USAGE = YES_ERROR;
				CLANG_WARN_DOCUMENTATION_COMMENTS = YES;
				CLANG_WARN_EMPTY_BODY = YES;
				CLANG_WARN_ENUM_CONVERSION = YES;
				CLANG_WARN_INFINITE_RECURSION = YES;
				CLANG_WARN_INT_CONVERSION = YES;
				CLANG_WARN_NON_LITERAL_NULL_CONVERSION = YES;
				CLANG_WARN_OBJC_IMPLICIT_RETAIN_SELF = YES;
				CLANG_WARN_OBJC_LITERAL_CONVERSION = YES;
				CLANG_WARN_OBJC_ROOT_CLASS = YES_ERROR;
				CLANG_WARN_QUOTED_INCLUDE_IN_FRAMEWORK_HEADER = YES;
				CLANG_WARN_RANGE_LOOP_ANALYSIS = YES;
				CLANG_WARN_STRICT_PROTOTYPES = YES;
				CLANG_WARN_SUSPICIOUS_MOVE = YES;
				CLANG_WARN_UNGUARDED_AVAILABILITY = YES_AGGRESSIVE;
				CLANG_WARN_UNREACHABLE_CODE = YES;
				CLANG_WARN__DUPLICATE_METHOD_MATCH = YES;
				COPY_PHASE_STRIP = NO;
				DEBUG_INFORMATION_FORMAT = "dwarf-with-dsym";
				ENABLE_NS_ASSERTIONS = NO;
				ENABLE_STRICT_OBJC_MSGSEND = YES;
				GCC_C_LANGUAGE_STANDARD = gnu11;
				GCC_NO_COMMON_BLOCKS = YES;
				GCC_WARN_64_TO_32_BIT_CONVERSION = YES;
				GCC_WARN_ABOUT_RETURN_TYPE = YES_ERROR;
				GCC_WARN_UNDECLARED_SELECTOR = YES;
				GCC_WARN_UNINITIALIZED_AUTOS = YES_AGGRESSIVE;
				GCC_WARN_UNUSED_FUNCTION = YES;
				GCC_WARN_UNUSED_VARIABLE = YES;
				IPHONEOS_DEPLOYMENT_TARGET = 15.5;
				MTL_ENABLE_DEBUG_INFO = NO;
				MTL_FAST_MATH = YES;
				SDKROOT = iphoneos;
				SWIFT_COMPILATION_MODE = wholemodule;
				SWIFT_OPTIMIZATION_LEVEL = "-O";
				VALIDATE_PRODUCT = YES;
			};
			name = Release;
		};
		460E552A28483ECE00B09607 /* Debug */ = {
			isa = XCBuildConfiguration;
			baseConfigurationReference = AEDF37611A2A75097C623F1F /* Pods-PetDays.debug.xcconfig */;
			buildSettings = {
				ASSETCATALOG_COMPILER_APPICON_NAME = AppIcon;
				ASSETCATALOG_COMPILER_GLOBAL_ACCENT_COLOR_NAME = AccentColor;
				CODE_SIGN_STYLE = Automatic;
				CURRENT_PROJECT_VERSION = 1;
				DEVELOPMENT_TEAM = EUM5NDB3H2;
				GENERATE_INFOPLIST_FILE = YES;
				INFOPLIST_FILE = PetDays/Info.plist;
				INFOPLIST_KEY_UIApplicationSupportsIndirectInputEvents = YES;
				INFOPLIST_KEY_UILaunchStoryboardName = LaunchScreen;
				INFOPLIST_KEY_UIMainStoryboardFile = Main;
				INFOPLIST_KEY_UISupportedInterfaceOrientations_iPad = "UIInterfaceOrientationPortrait UIInterfaceOrientationPortraitUpsideDown UIInterfaceOrientationLandscapeLeft UIInterfaceOrientationLandscapeRight";
				INFOPLIST_KEY_UISupportedInterfaceOrientations_iPhone = "UIInterfaceOrientationPortrait UIInterfaceOrientationLandscapeLeft UIInterfaceOrientationLandscapeRight";
				LD_RUNPATH_SEARCH_PATHS = (
					"$(inherited)",
					"@executable_path/Frameworks",
				);
				MARKETING_VERSION = 1.0;
				PRODUCT_BUNDLE_IDENTIFIER = com.samuelwong.PetDays;
				PRODUCT_NAME = "$(TARGET_NAME)";
				SWIFT_EMIT_LOC_STRINGS = YES;
				SWIFT_VERSION = 5.0;
				TARGETED_DEVICE_FAMILY = "1,2";
			};
			name = Debug;
		};
		460E552B28483ECE00B09607 /* Release */ = {
			isa = XCBuildConfiguration;
			baseConfigurationReference = 16493C9790CA4D2CA01A0282 /* Pods-PetDays.release.xcconfig */;
			buildSettings = {
				ASSETCATALOG_COMPILER_APPICON_NAME = AppIcon;
				ASSETCATALOG_COMPILER_GLOBAL_ACCENT_COLOR_NAME = AccentColor;
				CODE_SIGN_STYLE = Automatic;
				CURRENT_PROJECT_VERSION = 1;
				DEVELOPMENT_TEAM = EUM5NDB3H2;
				GENERATE_INFOPLIST_FILE = YES;
				INFOPLIST_FILE = PetDays/Info.plist;
				INFOPLIST_KEY_UIApplicationSupportsIndirectInputEvents = YES;
				INFOPLIST_KEY_UILaunchStoryboardName = LaunchScreen;
				INFOPLIST_KEY_UIMainStoryboardFile = Main;
				INFOPLIST_KEY_UISupportedInterfaceOrientations_iPad = "UIInterfaceOrientationPortrait UIInterfaceOrientationPortraitUpsideDown UIInterfaceOrientationLandscapeLeft UIInterfaceOrientationLandscapeRight";
				INFOPLIST_KEY_UISupportedInterfaceOrientations_iPhone = "UIInterfaceOrientationPortrait UIInterfaceOrientationLandscapeLeft UIInterfaceOrientationLandscapeRight";
				LD_RUNPATH_SEARCH_PATHS = (
					"$(inherited)",
					"@executable_path/Frameworks",
				);
				MARKETING_VERSION = 1.0;
				PRODUCT_BUNDLE_IDENTIFIER = com.samuelwong.PetDays;
				PRODUCT_NAME = "$(TARGET_NAME)";
				SWIFT_EMIT_LOC_STRINGS = YES;
				SWIFT_VERSION = 5.0;
				TARGETED_DEVICE_FAMILY = "1,2";
			};
			name = Release;
		};
		460E552D28483ECE00B09607 /* Debug */ = {
			isa = XCBuildConfiguration;
			baseConfigurationReference = E7C84589C0AA9D793CF5C0AF /* Pods-PetDaysTests.debug.xcconfig */;
			buildSettings = {
				ALWAYS_EMBED_SWIFT_STANDARD_LIBRARIES = YES;
				BUNDLE_LOADER = "$(TEST_HOST)";
				CODE_SIGN_STYLE = Automatic;
				CURRENT_PROJECT_VERSION = 1;
				DEVELOPMENT_TEAM = EUM5NDB3H2;
				GENERATE_INFOPLIST_FILE = YES;
				IPHONEOS_DEPLOYMENT_TARGET = 15.5;
				MARKETING_VERSION = 1.0;
				PRODUCT_BUNDLE_IDENTIFIER = com.samuelwong.PetDaysTests;
				PRODUCT_NAME = "$(TARGET_NAME)";
				SWIFT_EMIT_LOC_STRINGS = NO;
				SWIFT_VERSION = 5.0;
				TARGETED_DEVICE_FAMILY = "1,2";
				TEST_HOST = "$(BUILT_PRODUCTS_DIR)/PetDays.app/PetDays";
			};
			name = Debug;
		};
		460E552E28483ECE00B09607 /* Release */ = {
			isa = XCBuildConfiguration;
			baseConfigurationReference = 182B1027C3926A74B1BF956B /* Pods-PetDaysTests.release.xcconfig */;
			buildSettings = {
				ALWAYS_EMBED_SWIFT_STANDARD_LIBRARIES = YES;
				BUNDLE_LOADER = "$(TEST_HOST)";
				CODE_SIGN_STYLE = Automatic;
				CURRENT_PROJECT_VERSION = 1;
				DEVELOPMENT_TEAM = EUM5NDB3H2;
				GENERATE_INFOPLIST_FILE = YES;
				IPHONEOS_DEPLOYMENT_TARGET = 15.5;
				MARKETING_VERSION = 1.0;
				PRODUCT_BUNDLE_IDENTIFIER = com.samuelwong.PetDaysTests;
				PRODUCT_NAME = "$(TARGET_NAME)";
				SWIFT_EMIT_LOC_STRINGS = NO;
				SWIFT_VERSION = 5.0;
				TARGETED_DEVICE_FAMILY = "1,2";
				TEST_HOST = "$(BUILT_PRODUCTS_DIR)/PetDays.app/PetDays";
			};
			name = Release;
		};
		460E553028483ECE00B09607 /* Debug */ = {
			isa = XCBuildConfiguration;
			baseConfigurationReference = 3E40E59A80F104DCE114495F /* Pods-PetDays-PetDaysUITests.debug.xcconfig */;
			buildSettings = {
				ALWAYS_EMBED_SWIFT_STANDARD_LIBRARIES = YES;
				CODE_SIGN_STYLE = Automatic;
				CURRENT_PROJECT_VERSION = 1;
				DEVELOPMENT_TEAM = EUM5NDB3H2;
				GENERATE_INFOPLIST_FILE = YES;
				MARKETING_VERSION = 1.0;
				PRODUCT_BUNDLE_IDENTIFIER = com.samuelwong.PetDaysUITests;
				PRODUCT_NAME = "$(TARGET_NAME)";
				SWIFT_EMIT_LOC_STRINGS = NO;
				SWIFT_VERSION = 5.0;
				TARGETED_DEVICE_FAMILY = "1,2";
				TEST_TARGET_NAME = PetDays;
			};
			name = Debug;
		};
		460E553128483ECE00B09607 /* Release */ = {
			isa = XCBuildConfiguration;
			baseConfigurationReference = 5C08DB9F9CBB4A0D058978B3 /* Pods-PetDays-PetDaysUITests.release.xcconfig */;
			buildSettings = {
				ALWAYS_EMBED_SWIFT_STANDARD_LIBRARIES = YES;
				CODE_SIGN_STYLE = Automatic;
				CURRENT_PROJECT_VERSION = 1;
				DEVELOPMENT_TEAM = EUM5NDB3H2;
				GENERATE_INFOPLIST_FILE = YES;
				MARKETING_VERSION = 1.0;
				PRODUCT_BUNDLE_IDENTIFIER = com.samuelwong.PetDaysUITests;
				PRODUCT_NAME = "$(TARGET_NAME)";
				SWIFT_EMIT_LOC_STRINGS = NO;
				SWIFT_VERSION = 5.0;
				TARGETED_DEVICE_FAMILY = "1,2";
				TEST_TARGET_NAME = PetDays;
			};
			name = Release;
		};
/* End XCBuildConfiguration section */

/* Begin XCConfigurationList section */
		460E54F728483EC800B09607 /* Build configuration list for PBXProject "PetDays" */ = {
			isa = XCConfigurationList;
			buildConfigurations = (
				460E552728483ECE00B09607 /* Debug */,
				460E552828483ECE00B09607 /* Release */,
			);
			defaultConfigurationIsVisible = 0;
			defaultConfigurationName = Release;
		};
		460E552928483ECE00B09607 /* Build configuration list for PBXNativeTarget "PetDays" */ = {
			isa = XCConfigurationList;
			buildConfigurations = (
				460E552A28483ECE00B09607 /* Debug */,
				460E552B28483ECE00B09607 /* Release */,
			);
			defaultConfigurationIsVisible = 0;
			defaultConfigurationName = Release;
		};
		460E552C28483ECE00B09607 /* Build configuration list for PBXNativeTarget "PetDaysTests" */ = {
			isa = XCConfigurationList;
			buildConfigurations = (
				460E552D28483ECE00B09607 /* Debug */,
				460E552E28483ECE00B09607 /* Release */,
			);
			defaultConfigurationIsVisible = 0;
			defaultConfigurationName = Release;
		};
		460E552F28483ECE00B09607 /* Build configuration list for PBXNativeTarget "PetDaysUITests" */ = {
			isa = XCConfigurationList;
			buildConfigurations = (
				460E553028483ECE00B09607 /* Debug */,
				460E553128483ECE00B09607 /* Release */,
			);
			defaultConfigurationIsVisible = 0;
			defaultConfigurationName = Release;
		};
/* End XCConfigurationList section */

/* Begin XCVersionGroup section */
		460E550828483EC800B09607 /* PetDays.xcdatamodeld */ = {
			isa = XCVersionGroup;
			children = (
				460E550928483EC800B09607 /* PetDays.xcdatamodel */,
			);
			currentVersion = 460E550928483EC800B09607 /* PetDays.xcdatamodel */;
			path = PetDays.xcdatamodeld;
			sourceTree = "<group>";
			versionGroupType = wrapper.xcdatamodel;
		};
/* End XCVersionGroup section */
	};
	rootObject = 460E54F428483EC800B09607 /* Project object */;
}
